// !$*UTF8*$!
{
	archiveVersion = 1;
	classes = {
	};
	objectVersion = 56;
	objects = {

/* Begin PBXBuildFile section */
		151EA3A828EDFB9B000BEA9E /* ButtonData.swift in Sources */ = {isa = PBXBuildFile; fileRef = 151EA3A728EDFB9B000BEA9E /* ButtonData.swift */; };
		151EA3AB28EDFC4B000BEA9E /* Configurations+Observed.swift in Sources */ = {isa = PBXBuildFile; fileRef = 151EA3AA28EDFC4B000BEA9E /* Configurations+Observed.swift */; };
		153F261028F5E7B2000B4AA0 /* DINCondensed-Bold.ttf in Resources */ = {isa = PBXBuildFile; fileRef = 153F260F28F5E7B2000B4AA0 /* DINCondensed-Bold.ttf */; };
		1540DD7428F4A3200079A4EC /* TextFieldClearButton.swift in Sources */ = {isa = PBXBuildFile; fileRef = 1540DD7328F4A3200079A4EC /* TextFieldClearButton.swift */; };
		155277EC28DC76E4003F83EF /* Color+AppColor.swift in Sources */ = {isa = PBXBuildFile; fileRef = 155277EB28DC76E4003F83EF /* Color+AppColor.swift */; };
		1552780028DCE7E0003F83EF /* InGameView.swift in Sources */ = {isa = PBXBuildFile; fileRef = 155277FF28DCE7E0003F83EF /* InGameView.swift */; };
		1552780328DCE7EA003F83EF /* FrontCard.swift in Sources */ = {isa = PBXBuildFile; fileRef = 1552780128DCE7EA003F83EF /* FrontCard.swift */; };
		1552780428DCE7EA003F83EF /* BackCard.swift in Sources */ = {isa = PBXBuildFile; fileRef = 1552780228DCE7EA003F83EF /* BackCard.swift */; };
		155537FD28D8E3DA00CA5573 /* AppCore.swift in Sources */ = {isa = PBXBuildFile; fileRef = 155537FC28D8E3DA00CA5573 /* AppCore.swift */; };
		155537FF28D8E3DA00CA5573 /* HomeView.swift in Sources */ = {isa = PBXBuildFile; fileRef = 155537FE28D8E3DA00CA5573 /* HomeView.swift */; };
		1555380128D8E3DC00CA5573 /* Assets.xcassets in Resources */ = {isa = PBXBuildFile; fileRef = 1555380028D8E3DC00CA5573 /* Assets.xcassets */; };
		1555380428D8E3DC00CA5573 /* Preview Assets.xcassets in Resources */ = {isa = PBXBuildFile; fileRef = 1555380328D8E3DC00CA5573 /* Preview Assets.xcassets */; };
		1555380628D8E3DC00CA5573 /* PersistenceController.swift in Sources */ = {isa = PBXBuildFile; fileRef = 1555380528D8E3DC00CA5573 /* PersistenceController.swift */; };
		1555380928D8E3DC00CA5573 /* Dizcarta.xcdatamodeld in Sources */ = {isa = PBXBuildFile; fileRef = 1555380728D8E3DC00CA5573 /* Dizcarta.xcdatamodeld */; };
		1555381428D8E3DD00CA5573 /* DizcartaTests.swift in Sources */ = {isa = PBXBuildFile; fileRef = 1555381328D8E3DD00CA5573 /* DizcartaTests.swift */; };
		1555381E28D8E3DD00CA5573 /* DizcartaUITests.swift in Sources */ = {isa = PBXBuildFile; fileRef = 1555381D28D8E3DD00CA5573 /* DizcartaUITests.swift */; };
		1555382028D8E3DD00CA5573 /* DizcartaUITestsLaunchTests.swift in Sources */ = {isa = PBXBuildFile; fileRef = 1555381F28D8E3DD00CA5573 /* DizcartaUITestsLaunchTests.swift */; };
		15A0818F28E2274400D479B8 /* HistoryView.swift in Sources */ = {isa = PBXBuildFile; fileRef = 15A0818E28E2274400D479B8 /* HistoryView.swift */; };
		15A0819128E2280900D479B8 /* HistoryData.swift in Sources */ = {isa = PBXBuildFile; fileRef = 15A0819028E2280900D479B8 /* HistoryData.swift */; };
		15A0819528E2417A00D479B8 /* RankingView.swift in Sources */ = {isa = PBXBuildFile; fileRef = 15A0819428E2417A00D479B8 /* RankingView.swift */; };
		15A5A2C828E623E60038F2FF /* GameOverView.swift in Sources */ = {isa = PBXBuildFile; fileRef = 15A5A2C728E623E60038F2FF /* GameOverView.swift */; };
		15A5A2CB28E624850038F2FF /* PlayerGameOver.swift in Sources */ = {isa = PBXBuildFile; fileRef = 15A5A2CA28E624850038F2FF /* PlayerGameOver.swift */; };
		15E07D7828EF4A2C005D2A80 /* Avatar.swift in Sources */ = {isa = PBXBuildFile; fileRef = 15E07D7728EF4A2C005D2A80 /* Avatar.swift */; };
		15E07D7A28EF4A38005D2A80 /* SetupMatchView.swift in Sources */ = {isa = PBXBuildFile; fileRef = 15E07D7928EF4A38005D2A80 /* SetupMatchView.swift */; };
		15E07D8028EF6D52005D2A80 /* AvatarData.swift in Sources */ = {isa = PBXBuildFile; fileRef = 15E07D7F28EF6D52005D2A80 /* AvatarData.swift */; };
		15E07D8228EF6DC2005D2A80 /* SetupMatch+Observed.swift in Sources */ = {isa = PBXBuildFile; fileRef = 15E07D8128EF6DC2005D2A80 /* SetupMatch+Observed.swift */; };
		23199ED228DE23DF0064E574 /* Repository.swift in Sources */ = {isa = PBXBuildFile; fileRef = 23199ED128DE23DF0064E574 /* Repository.swift */; };
		23199ED428DE24C20064E574 /* PlayerRepository.swift in Sources */ = {isa = PBXBuildFile; fileRef = 23199ED328DE24C20064E574 /* PlayerRepository.swift */; };
		23199EE028DE527B0064E574 /* ConfigButton.swift in Sources */ = {isa = PBXBuildFile; fileRef = 23199EDE28DE527B0064E574 /* ConfigButton.swift */; };
		23199EE128DE527B0064E574 /* ConfigurationsView.swift in Sources */ = {isa = PBXBuildFile; fileRef = 23199EDF28DE527B0064E574 /* ConfigurationsView.swift */; };
		23199EE328DE53270064E574 /* ButtonCardView.swift in Sources */ = {isa = PBXBuildFile; fileRef = 23199EE228DE53270064E574 /* ButtonCardView.swift */; };
		232E14A328FDC6F800D68141 /* Lottie in Frameworks */ = {isa = PBXBuildFile; productRef = 232E14A228FDC6F800D68141 /* Lottie */; };
		232E1D7428EE034D00BBA976 /* CoreDataCreateTests.swift in Sources */ = {isa = PBXBuildFile; fileRef = 232E1D7328EE034D00BBA976 /* CoreDataCreateTests.swift */; };
		232E1D7628EE058100BBA976 /* CoreDataGetTests.swift in Sources */ = {isa = PBXBuildFile; fileRef = 232E1D7528EE058100BBA976 /* CoreDataGetTests.swift */; };
		233FB52128E622FE008EE961 /* AlertView.swift in Sources */ = {isa = PBXBuildFile; fileRef = 233FB52028E622FE008EE961 /* AlertView.swift */; };
		2340D8EF28F4904C0016CB0F /* GameCore.swift in Sources */ = {isa = PBXBuildFile; fileRef = 2340D8EE28F4904C0016CB0F /* GameCore.swift */; };
		2340D8F228F491BD0016CB0F /* GameCore+Players.swift in Sources */ = {isa = PBXBuildFile; fileRef = 2340D8F128F491BD0016CB0F /* GameCore+Players.swift */; };
		2387D35028ECAC8000BE761B /* UtilsFunctionsTest.swift in Sources */ = {isa = PBXBuildFile; fileRef = 2387D34F28ECAC8000BE761B /* UtilsFunctionsTest.swift */; };
		238DF95028DA509900F9A23B /* README.md in Resources */ = {isa = PBXBuildFile; fileRef = 238DF94F28DA509900F9A23B /* README.md */; };
		23A7D2F928F5F10400BB7061 /* Player+Wrapped.swift in Sources */ = {isa = PBXBuildFile; fileRef = 23A7D2F828F5F10400BB7061 /* Player+Wrapped.swift */; };
		23C90ECF28EF5D020079EEFA /* cards.json in Resources */ = {isa = PBXBuildFile; fileRef = 23C90ECE28EF5D020079EEFA /* cards.json */; };
		23C90ED128EF5D3B0079EEFA /* JsonManager.swift in Sources */ = {isa = PBXBuildFile; fileRef = 23C90ED028EF5D3B0079EEFA /* JsonManager.swift */; };
		23C90ED428EF6AAB0079EEFA /* CardCodable.swift in Sources */ = {isa = PBXBuildFile; fileRef = 23C90ED328EF6AAB0079EEFA /* CardCodable.swift */; };
		23C90ED628EF706D0079EEFA /* cardsMock.json in Resources */ = {isa = PBXBuildFile; fileRef = 23C90ED528EF706D0079EEFA /* cardsMock.json */; };
		23C90ED728EF711F0079EEFA /* cardsMock.json in Resources */ = {isa = PBXBuildFile; fileRef = 23C90ED528EF706D0079EEFA /* cardsMock.json */; };
		366229A228EF55F400907C73 /* NeonButton.swift in Sources */ = {isa = PBXBuildFile; fileRef = 366229A128EF55F400907C73 /* NeonButton.swift */; };
		366229A628F0AB8E00907C73 /* DINAlternate-Bold.ttf in Resources */ = {isa = PBXBuildFile; fileRef = 366229A528F0AB8D00907C73 /* DINAlternate-Bold.ttf */; };
		366229A828F0BF3C00907C73 /* PlayerSelectedView.swift in Sources */ = {isa = PBXBuildFile; fileRef = 366229A728F0BF3C00907C73 /* PlayerSelectedView.swift */; };
		3663D36428DE2230001F0FE3 /* GenericButtons.swift in Sources */ = {isa = PBXBuildFile; fileRef = 3663D36328DE2230001F0FE3 /* GenericButtons.swift */; };
		3663D36828DE2E25001F0FE3 /* GenericFunctions.swift in Sources */ = {isa = PBXBuildFile; fileRef = 3663D36728DE2E25001F0FE3 /* GenericFunctions.swift */; };
		367C85ED28F5E8C80041137A /* ButtonsEnum.swift in Sources */ = {isa = PBXBuildFile; fileRef = 367C85EC28F5E8C80041137A /* ButtonsEnum.swift */; };
		367C85EF28F5E9240041137A /* Fonts+Enum.swift in Sources */ = {isa = PBXBuildFile; fileRef = 367C85EE28F5E9240041137A /* Fonts+Enum.swift */; };
		36BE666928E37BA30069BB60 /* ActionChoise.swift in Sources */ = {isa = PBXBuildFile; fileRef = 36BE666828E37BA30069BB60 /* ActionChoise.swift */; };
		36DFD53328E21F01002D1399 /* FeedbackButtonPress.swift in Sources */ = {isa = PBXBuildFile; fileRef = 36DFD53228E21F01002D1399 /* FeedbackButtonPress.swift */; };
		36DFD53528E23BED002D1399 /* FinalFlowView.swift in Sources */ = {isa = PBXBuildFile; fileRef = 36DFD53428E23BED002D1399 /* FinalFlowView.swift */; };
		CD33B49228DE2B9D00E25CF5 /* PlayerView.swift in Sources */ = {isa = PBXBuildFile; fileRef = CD33B49128DE2B9D00E25CF5 /* PlayerView.swift */; };
		CD58D94F28F4A36200486117 /* CardsAnimation.swift in Sources */ = {isa = PBXBuildFile; fileRef = CD58D94E28F4A36200486117 /* CardsAnimation.swift */; };
		CD58D95428F4A49500486117 /* LottieView.swift in Sources */ = {isa = PBXBuildFile; fileRef = CD58D95328F4A49500486117 /* LottieView.swift */; };
		CD58D95A28F4BBF000486117 /* Splash.json in Resources */ = {isa = PBXBuildFile; fileRef = CD58D95928F4BBF000486117 /* Splash.json */; };
		CDA35D0C28E4E1B10064B3B8 /* ShiftPlayerView.swift in Sources */ = {isa = PBXBuildFile; fileRef = CDA35D0B28E4E1B10064B3B8 /* ShiftPlayerView.swift */; };
		CDB53D2E28FDF05D00F55B96 /* ShuffleAnimation.swift in Sources */ = {isa = PBXBuildFile; fileRef = CDB53D2D28FDF05D00F55B96 /* ShuffleAnimation.swift */; };
		CDB53D3028FDF09000F55B96 /* ShuffleAnimation.json in Resources */ = {isa = PBXBuildFile; fileRef = CDB53D2F28FDF09000F55B96 /* ShuffleAnimation.json */; };
		CDBFA47428E226B700BBD368 /* SplashScreen.swift in Sources */ = {isa = PBXBuildFile; fileRef = CDBFA47328E226B700BBD368 /* SplashScreen.swift */; };
/* End PBXBuildFile section */

/* Begin PBXContainerItemProxy section */
		1555381028D8E3DD00CA5573 /* PBXContainerItemProxy */ = {
			isa = PBXContainerItemProxy;
			containerPortal = 155537F128D8E3DA00CA5573 /* Project object */;
			proxyType = 1;
			remoteGlobalIDString = 155537F828D8E3DA00CA5573;
			remoteInfo = Dizcarta;
		};
		1555381A28D8E3DD00CA5573 /* PBXContainerItemProxy */ = {
			isa = PBXContainerItemProxy;
			containerPortal = 155537F128D8E3DA00CA5573 /* Project object */;
			proxyType = 1;
			remoteGlobalIDString = 155537F828D8E3DA00CA5573;
			remoteInfo = Dizcarta;
		};
/* End PBXContainerItemProxy section */

/* Begin PBXFileReference section */
		151EA3A728EDFB9B000BEA9E /* ButtonData.swift */ = {isa = PBXFileReference; lastKnownFileType = sourcecode.swift; path = ButtonData.swift; sourceTree = "<group>"; };
		151EA3AA28EDFC4B000BEA9E /* Configurations+Observed.swift */ = {isa = PBXFileReference; lastKnownFileType = sourcecode.swift; path = "Configurations+Observed.swift"; sourceTree = "<group>"; };
		153F260F28F5E7B2000B4AA0 /* DINCondensed-Bold.ttf */ = {isa = PBXFileReference; lastKnownFileType = file; path = "DINCondensed-Bold.ttf"; sourceTree = "<group>"; };
		1540DD7328F4A3200079A4EC /* TextFieldClearButton.swift */ = {isa = PBXFileReference; lastKnownFileType = sourcecode.swift; path = TextFieldClearButton.swift; sourceTree = "<group>"; };
		155277EB28DC76E4003F83EF /* Color+AppColor.swift */ = {isa = PBXFileReference; lastKnownFileType = sourcecode.swift; path = "Color+AppColor.swift"; sourceTree = "<group>"; };
		155277FF28DCE7E0003F83EF /* InGameView.swift */ = {isa = PBXFileReference; fileEncoding = 4; lastKnownFileType = sourcecode.swift; path = InGameView.swift; sourceTree = "<group>"; };
		1552780128DCE7EA003F83EF /* FrontCard.swift */ = {isa = PBXFileReference; fileEncoding = 4; lastKnownFileType = sourcecode.swift; path = FrontCard.swift; sourceTree = "<group>"; };
		1552780228DCE7EA003F83EF /* BackCard.swift */ = {isa = PBXFileReference; fileEncoding = 4; lastKnownFileType = sourcecode.swift; path = BackCard.swift; sourceTree = "<group>"; };
		155537F928D8E3DA00CA5573 /* Dizcarta.app */ = {isa = PBXFileReference; explicitFileType = wrapper.application; includeInIndex = 0; path = Dizcarta.app; sourceTree = BUILT_PRODUCTS_DIR; };
		155537FC28D8E3DA00CA5573 /* AppCore.swift */ = {isa = PBXFileReference; lastKnownFileType = sourcecode.swift; path = AppCore.swift; sourceTree = "<group>"; };
		155537FE28D8E3DA00CA5573 /* HomeView.swift */ = {isa = PBXFileReference; lastKnownFileType = sourcecode.swift; path = HomeView.swift; sourceTree = "<group>"; };
		1555380028D8E3DC00CA5573 /* Assets.xcassets */ = {isa = PBXFileReference; lastKnownFileType = folder.assetcatalog; path = Assets.xcassets; sourceTree = "<group>"; };
		1555380328D8E3DC00CA5573 /* Preview Assets.xcassets */ = {isa = PBXFileReference; lastKnownFileType = folder.assetcatalog; path = "Preview Assets.xcassets"; sourceTree = "<group>"; };
		1555380528D8E3DC00CA5573 /* PersistenceController.swift */ = {isa = PBXFileReference; lastKnownFileType = sourcecode.swift; path = PersistenceController.swift; sourceTree = "<group>"; };
		1555380828D8E3DC00CA5573 /* Dizcarta.xcdatamodel */ = {isa = PBXFileReference; lastKnownFileType = wrapper.xcdatamodel; path = Dizcarta.xcdatamodel; sourceTree = "<group>"; };
		1555380A28D8E3DC00CA5573 /* Info.plist */ = {isa = PBXFileReference; lastKnownFileType = text.plist.xml; path = Info.plist; sourceTree = "<group>"; };
		1555380F28D8E3DD00CA5573 /* DizcartaTests.xctest */ = {isa = PBXFileReference; explicitFileType = wrapper.cfbundle; includeInIndex = 0; path = DizcartaTests.xctest; sourceTree = BUILT_PRODUCTS_DIR; };
		1555381328D8E3DD00CA5573 /* DizcartaTests.swift */ = {isa = PBXFileReference; lastKnownFileType = sourcecode.swift; path = DizcartaTests.swift; sourceTree = "<group>"; };
		1555381928D8E3DD00CA5573 /* DizcartaUITests.xctest */ = {isa = PBXFileReference; explicitFileType = wrapper.cfbundle; includeInIndex = 0; path = DizcartaUITests.xctest; sourceTree = BUILT_PRODUCTS_DIR; };
		1555381D28D8E3DD00CA5573 /* DizcartaUITests.swift */ = {isa = PBXFileReference; lastKnownFileType = sourcecode.swift; path = DizcartaUITests.swift; sourceTree = "<group>"; };
		1555381F28D8E3DD00CA5573 /* DizcartaUITestsLaunchTests.swift */ = {isa = PBXFileReference; lastKnownFileType = sourcecode.swift; path = DizcartaUITestsLaunchTests.swift; sourceTree = "<group>"; };
		15A0818E28E2274400D479B8 /* HistoryView.swift */ = {isa = PBXFileReference; lastKnownFileType = sourcecode.swift; path = HistoryView.swift; sourceTree = "<group>"; };
		15A0819028E2280900D479B8 /* HistoryData.swift */ = {isa = PBXFileReference; lastKnownFileType = sourcecode.swift; path = HistoryData.swift; sourceTree = "<group>"; };
		15A0819428E2417A00D479B8 /* RankingView.swift */ = {isa = PBXFileReference; lastKnownFileType = sourcecode.swift; path = RankingView.swift; sourceTree = "<group>"; };
		15A5A2C728E623E60038F2FF /* GameOverView.swift */ = {isa = PBXFileReference; lastKnownFileType = sourcecode.swift; path = GameOverView.swift; sourceTree = "<group>"; };
		15A5A2CA28E624850038F2FF /* PlayerGameOver.swift */ = {isa = PBXFileReference; lastKnownFileType = sourcecode.swift; path = PlayerGameOver.swift; sourceTree = "<group>"; };
		15E07D7728EF4A2C005D2A80 /* Avatar.swift */ = {isa = PBXFileReference; lastKnownFileType = sourcecode.swift; path = Avatar.swift; sourceTree = "<group>"; };
		15E07D7928EF4A38005D2A80 /* SetupMatchView.swift */ = {isa = PBXFileReference; lastKnownFileType = sourcecode.swift; path = SetupMatchView.swift; sourceTree = "<group>"; };
		15E07D7F28EF6D52005D2A80 /* AvatarData.swift */ = {isa = PBXFileReference; lastKnownFileType = sourcecode.swift; path = AvatarData.swift; sourceTree = "<group>"; };
		15E07D8128EF6DC2005D2A80 /* SetupMatch+Observed.swift */ = {isa = PBXFileReference; lastKnownFileType = sourcecode.swift; path = "SetupMatch+Observed.swift"; sourceTree = "<group>"; };
		23199ED128DE23DF0064E574 /* Repository.swift */ = {isa = PBXFileReference; lastKnownFileType = sourcecode.swift; path = Repository.swift; sourceTree = "<group>"; };
		23199ED328DE24C20064E574 /* PlayerRepository.swift */ = {isa = PBXFileReference; lastKnownFileType = sourcecode.swift; path = PlayerRepository.swift; sourceTree = "<group>"; };
		23199EDE28DE527B0064E574 /* ConfigButton.swift */ = {isa = PBXFileReference; fileEncoding = 4; lastKnownFileType = sourcecode.swift; path = ConfigButton.swift; sourceTree = "<group>"; };
		23199EDF28DE527B0064E574 /* ConfigurationsView.swift */ = {isa = PBXFileReference; fileEncoding = 4; lastKnownFileType = sourcecode.swift; path = ConfigurationsView.swift; sourceTree = "<group>"; };
		23199EE228DE53270064E574 /* ButtonCardView.swift */ = {isa = PBXFileReference; fileEncoding = 4; lastKnownFileType = sourcecode.swift; path = ButtonCardView.swift; sourceTree = "<group>"; };
		232E1D7328EE034D00BBA976 /* CoreDataCreateTests.swift */ = {isa = PBXFileReference; lastKnownFileType = sourcecode.swift; path = CoreDataCreateTests.swift; sourceTree = "<group>"; };
		232E1D7528EE058100BBA976 /* CoreDataGetTests.swift */ = {isa = PBXFileReference; lastKnownFileType = sourcecode.swift; path = CoreDataGetTests.swift; sourceTree = "<group>"; };
		233FB51528E3775F008EE961 /* PlayerList+Observed.swift */ = {isa = PBXFileReference; lastKnownFileType = sourcecode.swift; path = "PlayerList+Observed.swift"; sourceTree = "<group>"; };
		233FB52028E622FE008EE961 /* AlertView.swift */ = {isa = PBXFileReference; lastKnownFileType = sourcecode.swift; path = AlertView.swift; sourceTree = "<group>"; };
		2340D8EE28F4904C0016CB0F /* GameCore.swift */ = {isa = PBXFileReference; lastKnownFileType = sourcecode.swift; path = GameCore.swift; sourceTree = "<group>"; };
		2340D8F128F491BD0016CB0F /* GameCore+Players.swift */ = {isa = PBXFileReference; lastKnownFileType = sourcecode.swift; path = "GameCore+Players.swift"; sourceTree = "<group>"; };
		2387D34F28ECAC8000BE761B /* UtilsFunctionsTest.swift */ = {isa = PBXFileReference; lastKnownFileType = sourcecode.swift; path = UtilsFunctionsTest.swift; sourceTree = "<group>"; };
		238DF94F28DA509900F9A23B /* README.md */ = {isa = PBXFileReference; fileEncoding = 4; lastKnownFileType = net.daringfireball.markdown; path = README.md; sourceTree = SOURCE_ROOT; };
		23A7D2F828F5F10400BB7061 /* Player+Wrapped.swift */ = {isa = PBXFileReference; lastKnownFileType = sourcecode.swift; path = "Player+Wrapped.swift"; sourceTree = "<group>"; };
		23C90ECE28EF5D020079EEFA /* cards.json */ = {isa = PBXFileReference; lastKnownFileType = text.json; path = cards.json; sourceTree = "<group>"; };
		23C90ED028EF5D3B0079EEFA /* JsonManager.swift */ = {isa = PBXFileReference; lastKnownFileType = sourcecode.swift; path = JsonManager.swift; sourceTree = "<group>"; };
		23C90ED328EF6AAB0079EEFA /* CardCodable.swift */ = {isa = PBXFileReference; lastKnownFileType = sourcecode.swift; path = CardCodable.swift; sourceTree = "<group>"; };
		23C90ED528EF706D0079EEFA /* cardsMock.json */ = {isa = PBXFileReference; lastKnownFileType = text.json; path = cardsMock.json; sourceTree = "<group>"; };
		366229A128EF55F400907C73 /* NeonButton.swift */ = {isa = PBXFileReference; lastKnownFileType = sourcecode.swift; path = NeonButton.swift; sourceTree = "<group>"; };
		366229A528F0AB8D00907C73 /* DINAlternate-Bold.ttf */ = {isa = PBXFileReference; lastKnownFileType = file; path = "DINAlternate-Bold.ttf"; sourceTree = "<group>"; };
		366229A728F0BF3C00907C73 /* PlayerSelectedView.swift */ = {isa = PBXFileReference; lastKnownFileType = sourcecode.swift; path = PlayerSelectedView.swift; sourceTree = "<group>"; };
		3663D36328DE2230001F0FE3 /* GenericButtons.swift */ = {isa = PBXFileReference; lastKnownFileType = sourcecode.swift; path = GenericButtons.swift; sourceTree = "<group>"; };
		3663D36728DE2E25001F0FE3 /* GenericFunctions.swift */ = {isa = PBXFileReference; lastKnownFileType = sourcecode.swift; path = GenericFunctions.swift; sourceTree = "<group>"; };
		367C85EC28F5E8C80041137A /* ButtonsEnum.swift */ = {isa = PBXFileReference; lastKnownFileType = sourcecode.swift; path = ButtonsEnum.swift; sourceTree = "<group>"; };
		367C85EE28F5E9240041137A /* Fonts+Enum.swift */ = {isa = PBXFileReference; lastKnownFileType = sourcecode.swift; path = "Fonts+Enum.swift"; sourceTree = "<group>"; };
		36BE666828E37BA30069BB60 /* ActionChoise.swift */ = {isa = PBXFileReference; lastKnownFileType = sourcecode.swift; path = ActionChoise.swift; sourceTree = "<group>"; };
		36DFD53228E21F01002D1399 /* FeedbackButtonPress.swift */ = {isa = PBXFileReference; lastKnownFileType = sourcecode.swift; path = FeedbackButtonPress.swift; sourceTree = "<group>"; };
		36DFD53428E23BED002D1399 /* FinalFlowView.swift */ = {isa = PBXFileReference; lastKnownFileType = sourcecode.swift; path = FinalFlowView.swift; sourceTree = "<group>"; };
		CD33B49128DE2B9D00E25CF5 /* PlayerView.swift */ = {isa = PBXFileReference; fileEncoding = 4; lastKnownFileType = sourcecode.swift; path = PlayerView.swift; sourceTree = "<group>"; };
		CD58D94E28F4A36200486117 /* CardsAnimation.swift */ = {isa = PBXFileReference; lastKnownFileType = sourcecode.swift; path = CardsAnimation.swift; sourceTree = "<group>"; };
		CD58D95328F4A49500486117 /* LottieView.swift */ = {isa = PBXFileReference; lastKnownFileType = sourcecode.swift; path = LottieView.swift; sourceTree = "<group>"; };
		CD58D95928F4BBF000486117 /* Splash.json */ = {isa = PBXFileReference; fileEncoding = 4; lastKnownFileType = text.json; path = Splash.json; sourceTree = "<group>"; };
		CDA35D0B28E4E1B10064B3B8 /* ShiftPlayerView.swift */ = {isa = PBXFileReference; lastKnownFileType = sourcecode.swift; path = ShiftPlayerView.swift; sourceTree = "<group>"; };
		CDB53D2D28FDF05D00F55B96 /* ShuffleAnimation.swift */ = {isa = PBXFileReference; lastKnownFileType = sourcecode.swift; path = ShuffleAnimation.swift; sourceTree = "<group>"; };
		CDB53D2F28FDF09000F55B96 /* ShuffleAnimation.json */ = {isa = PBXFileReference; fileEncoding = 4; lastKnownFileType = text.json; path = ShuffleAnimation.json; sourceTree = "<group>"; };
		CDBFA47328E226B700BBD368 /* SplashScreen.swift */ = {isa = PBXFileReference; lastKnownFileType = sourcecode.swift; path = SplashScreen.swift; sourceTree = "<group>"; };
/* End PBXFileReference section */

/* Begin PBXFrameworksBuildPhase section */
		155537F628D8E3DA00CA5573 /* Frameworks */ = {
			isa = PBXFrameworksBuildPhase;
			buildActionMask = 2147483647;
			files = (
				232E14A328FDC6F800D68141 /* Lottie in Frameworks */,
			);
			runOnlyForDeploymentPostprocessing = 0;
		};
		1555380C28D8E3DD00CA5573 /* Frameworks */ = {
			isa = PBXFrameworksBuildPhase;
			buildActionMask = 2147483647;
			files = (
			);
			runOnlyForDeploymentPostprocessing = 0;
		};
		1555381628D8E3DD00CA5573 /* Frameworks */ = {
			isa = PBXFrameworksBuildPhase;
			buildActionMask = 2147483647;
			files = (
			);
			runOnlyForDeploymentPostprocessing = 0;
		};
/* End PBXFrameworksBuildPhase section */

/* Begin PBXGroup section */
		151EA3A528EDFB55000BEA9E /* Identifiable */ = {
			isa = PBXGroup;
			children = (
				151EA3A728EDFB9B000BEA9E /* ButtonData.swift */,
			);
			path = Identifiable;
			sourceTree = "<group>";
		};
		151EA3A628EDFB5C000BEA9E /* Observable */ = {
			isa = PBXGroup;
			children = (
				151EA3AA28EDFC4B000BEA9E /* Configurations+Observed.swift */,
			);
			path = Observable;
			sourceTree = "<group>";
		};
		1540DD7228F4A30D0079A4EC /* TextField */ = {
			isa = PBXGroup;
			children = (
				1540DD7328F4A3200079A4EC /* TextFieldClearButton.swift */,
			);
			path = TextField;
			sourceTree = "<group>";
		};
		155277EA28DC76CF003F83EF /* Extensions */ = {
			isa = PBXGroup;
			children = (
				155277EB28DC76E4003F83EF /* Color+AppColor.swift */,
				367C85EC28F5E8C80041137A /* ButtonsEnum.swift */,
				367C85EE28F5E9240041137A /* Fonts+Enum.swift */,
			);
			path = Extensions;
			sourceTree = "<group>";
		};
		155277FC28DCE7C1003F83EF /* InGame */ = {
			isa = PBXGroup;
			children = (
				155277FF28DCE7E0003F83EF /* InGameView.swift */,
				155277FE28DCE7D4003F83EF /* Shared */,
			);
			path = InGame;
			sourceTree = "<group>";
		};
		155277FE28DCE7D4003F83EF /* Shared */ = {
			isa = PBXGroup;
			children = (
				1552780228DCE7EA003F83EF /* BackCard.swift */,
				1552780128DCE7EA003F83EF /* FrontCard.swift */,
				36BE666828E37BA30069BB60 /* ActionChoise.swift */,
			);
			path = Shared;
			sourceTree = "<group>";
		};
		155537F028D8E3DA00CA5573 = {
			isa = PBXGroup;
			children = (
				155537FB28D8E3DA00CA5573 /* Dizcarta */,
				1555381228D8E3DD00CA5573 /* DizcartaTests */,
				1555381C28D8E3DD00CA5573 /* DizcartaUITests */,
				155537FA28D8E3DA00CA5573 /* Products */,
				233FB51B28E4CF4F008EE961 /* Recovered References */,
			);
			sourceTree = "<group>";
		};
		155537FA28D8E3DA00CA5573 /* Products */ = {
			isa = PBXGroup;
			children = (
				155537F928D8E3DA00CA5573 /* Dizcarta.app */,
				1555380F28D8E3DD00CA5573 /* DizcartaTests.xctest */,
				1555381928D8E3DD00CA5573 /* DizcartaUITests.xctest */,
			);
			name = Products;
			sourceTree = "<group>";
		};
		155537FB28D8E3DA00CA5573 /* Dizcarta */ = {
			isa = PBXGroup;
			children = (
				238DF94F28DA509900F9A23B /* README.md */,
				238DF94828DA387100F9A23B /* Core */,
				238DF94728DA383D00F9A23B /* Persistence */,
				238DF94628DA383000F9A23B /* Screens */,
				1555380028D8E3DC00CA5573 /* Assets.xcassets */,
				366229A428F0AB6E00907C73 /* Fonts */,
				1555380A28D8E3DC00CA5573 /* Info.plist */,
				1555380228D8E3DC00CA5573 /* Preview Content */,
			);
			path = Dizcarta;
			sourceTree = "<group>";
		};
		1555380228D8E3DC00CA5573 /* Preview Content */ = {
			isa = PBXGroup;
			children = (
				1555380328D8E3DC00CA5573 /* Preview Assets.xcassets */,
			);
			path = "Preview Content";
			sourceTree = "<group>";
		};
		1555381228D8E3DD00CA5573 /* DizcartaTests */ = {
			isa = PBXGroup;
			children = (
				1555381328D8E3DD00CA5573 /* DizcartaTests.swift */,
				2387D34F28ECAC8000BE761B /* UtilsFunctionsTest.swift */,
				232E1D7328EE034D00BBA976 /* CoreDataCreateTests.swift */,
				232E1D7528EE058100BBA976 /* CoreDataGetTests.swift */,
				23C90ED528EF706D0079EEFA /* cardsMock.json */,
			);
			path = DizcartaTests;
			sourceTree = "<group>";
		};
		1555381C28D8E3DD00CA5573 /* DizcartaUITests */ = {
			isa = PBXGroup;
			children = (
				1555381D28D8E3DD00CA5573 /* DizcartaUITests.swift */,
				1555381F28D8E3DD00CA5573 /* DizcartaUITestsLaunchTests.swift */,
			);
			path = DizcartaUITests;
			sourceTree = "<group>";
		};
		15A0818C28E2273000D479B8 /* History */ = {
			isa = PBXGroup;
			children = (
				15A0818E28E2274400D479B8 /* HistoryView.swift */,
				15A0818D28E2273700D479B8 /* Shared */,
			);
			path = History;
			sourceTree = "<group>";
		};
		15A0818D28E2273700D479B8 /* Shared */ = {
			isa = PBXGroup;
			children = (
				15A0819028E2280900D479B8 /* HistoryData.swift */,
			);
			path = Shared;
			sourceTree = "<group>";
		};
		15A0819228E2416C00D479B8 /* Ranking */ = {
			isa = PBXGroup;
			children = (
				15A0819428E2417A00D479B8 /* RankingView.swift */,
			);
			path = Ranking;
			sourceTree = "<group>";
		};
		15A5A2C628E623D10038F2FF /* GameOver */ = {
			isa = PBXGroup;
			children = (
				15A5A2C728E623E60038F2FF /* GameOverView.swift */,
				15A5A2C928E623E90038F2FF /* Shared */,
			);
			path = GameOver;
			sourceTree = "<group>";
		};
		15A5A2C928E623E90038F2FF /* Shared */ = {
			isa = PBXGroup;
			children = (
				15A5A2CA28E624850038F2FF /* PlayerGameOver.swift */,
			);
			path = Shared;
			sourceTree = "<group>";
		};
		15E07D7528EF4A05005D2A80 /* SetupMatch */ = {
			isa = PBXGroup;
			children = (
				15E07D7928EF4A38005D2A80 /* SetupMatchView.swift */,
				15E07D7C28EF6CED005D2A80 /* Observable */,
				15E07D7D28EF6CF2005D2A80 /* Identifiable */,
				15E07D7628EF4A15005D2A80 /* Shared */,
			);
			path = SetupMatch;
			sourceTree = "<group>";
		};
		15E07D7628EF4A15005D2A80 /* Shared */ = {
			isa = PBXGroup;
			children = (
				15E07D7728EF4A2C005D2A80 /* Avatar.swift */,
			);
			path = Shared;
			sourceTree = "<group>";
		};
		15E07D7C28EF6CED005D2A80 /* Observable */ = {
			isa = PBXGroup;
			children = (
				15E07D8128EF6DC2005D2A80 /* SetupMatch+Observed.swift */,
			);
			path = Observable;
			sourceTree = "<group>";
		};
		15E07D7D28EF6CF2005D2A80 /* Identifiable */ = {
			isa = PBXGroup;
			children = (
				15E07D7F28EF6D52005D2A80 /* AvatarData.swift */,
			);
			path = Identifiable;
			sourceTree = "<group>";
		};
		23199ECF28DE239B0064E574 /* Repositories */ = {
			isa = PBXGroup;
			children = (
				23199ED028DE23A90064E574 /* PlayerRepository */,
				23199ED128DE23DF0064E574 /* Repository.swift */,
			);
			path = Repositories;
			sourceTree = "<group>";
		};
		23199ED028DE23A90064E574 /* PlayerRepository */ = {
			isa = PBXGroup;
			children = (
				23199ED328DE24C20064E574 /* PlayerRepository.swift */,
			);
			path = PlayerRepository;
			sourceTree = "<group>";
		};
		23199EDB28DE527B0064E574 /* Configurations */ = {
			isa = PBXGroup;
			children = (
				23199EDF28DE527B0064E574 /* ConfigurationsView.swift */,
				151EA3A628EDFB5C000BEA9E /* Observable */,
				151EA3A528EDFB55000BEA9E /* Identifiable */,
				23199EDD28DE527B0064E574 /* Shared */,
			);
			path = Configurations;
			sourceTree = "<group>";
		};
		23199EDD28DE527B0064E574 /* Shared */ = {
			isa = PBXGroup;
			children = (
				23199EDE28DE527B0064E574 /* ConfigButton.swift */,
				36DFD53228E21F01002D1399 /* FeedbackButtonPress.swift */,
			);
			path = Shared;
			sourceTree = "<group>";
		};
		233FB51B28E4CF4F008EE961 /* Recovered References */ = {
			isa = PBXGroup;
			children = (
				233FB51528E3775F008EE961 /* PlayerList+Observed.swift */,
			);
			name = "Recovered References";
			sourceTree = "<group>";
		};
		2340D8F028F491A30016CB0F /* GameCore */ = {
			isa = PBXGroup;
			children = (
				2340D8EE28F4904C0016CB0F /* GameCore.swift */,
				2340D8F128F491BD0016CB0F /* GameCore+Players.swift */,
			);
			path = GameCore;
			sourceTree = "<group>";
		};
		238DF94628DA383000F9A23B /* Screens */ = {
			isa = PBXGroup;
			children = (
				CD58D94D28F4A33D00486117 /* CardAnimation  */,
				15E07D7528EF4A05005D2A80 /* SetupMatch */,
				15A5A2C628E623D10038F2FF /* GameOver */,
				CDA35D0A28E4E17F0064B3B8 /* ShiftPlayer */,
				15A0819228E2416C00D479B8 /* Ranking */,
				15A0818C28E2273000D479B8 /* History */,
				CDBFA47528E22A2700BBD368 /* SplashScreen */,
				23199EDB28DE527B0064E574 /* Configurations */,
				155277FC28DCE7C1003F83EF /* InGame */,
				238DF94928DA397000F9A23B /* Home */,
			);
			path = Screens;
			sourceTree = "<group>";
		};
		238DF94728DA383D00F9A23B /* Persistence */ = {
			isa = PBXGroup;
			children = (
				23C90ED228EF6A990079EEFA /* CardModel */,
				23C90ECD28EF5BE20079EEFA /* JsonManager */,
				23199ECF28DE239B0064E574 /* Repositories */,
				1555380728D8E3DC00CA5573 /* Dizcarta.xcdatamodeld */,
				1555380528D8E3DC00CA5573 /* PersistenceController.swift */,
				23A7D2F828F5F10400BB7061 /* Player+Wrapped.swift */,
			);
			path = Persistence;
			sourceTree = "<group>";
		};
		238DF94828DA387100F9A23B /* Core */ = {
			isa = PBXGroup;
			children = (
				2340D8F028F491A30016CB0F /* GameCore */,
				155537FC28D8E3DA00CA5573 /* AppCore.swift */,
				3606A1F128DA5486004C9BF9 /* DesignSystems */,
			);
			path = Core;
			sourceTree = "<group>";
		};
		238DF94928DA397000F9A23B /* Home */ = {
			isa = PBXGroup;
			children = (
				366229A028EF55D800907C73 /* Shared */,
				238DF94A28DA398100F9A23B /* View */,
			);
			path = Home;
			sourceTree = "<group>";
		};
		238DF94A28DA398100F9A23B /* View */ = {
			isa = PBXGroup;
			children = (
				155537FE28D8E3DA00CA5573 /* HomeView.swift */,
			);
			path = View;
			sourceTree = "<group>";
		};
		23C90ECD28EF5BE20079EEFA /* JsonManager */ = {
			isa = PBXGroup;
			children = (
				23C90ECE28EF5D020079EEFA /* cards.json */,
				23C90ED028EF5D3B0079EEFA /* JsonManager.swift */,
			);
			path = JsonManager;
			sourceTree = "<group>";
		};
		23C90ED228EF6A990079EEFA /* CardModel */ = {
			isa = PBXGroup;
			children = (
				23C90ED328EF6AAB0079EEFA /* CardCodable.swift */,
			);
			path = CardModel;
			sourceTree = "<group>";
		};
		3606A1F128DA5486004C9BF9 /* DesignSystems */ = {
			isa = PBXGroup;
			children = (
				3663D36A28DE3047001F0FE3 /* Views */,
				3663D36928DE3033001F0FE3 /* Functions */,
				CD33B49028DE2B7700E25CF5 /* Player */,
				155277EA28DC76CF003F83EF /* Extensions */,
			);
			path = DesignSystems;
			sourceTree = "<group>";
		};
		366229A028EF55D800907C73 /* Shared */ = {
			isa = PBXGroup;
			children = (
				366229A128EF55F400907C73 /* NeonButton.swift */,
			);
			path = Shared;
			sourceTree = "<group>";
		};
		366229A428F0AB6E00907C73 /* Fonts */ = {
			isa = PBXGroup;
			children = (
				153F260F28F5E7B2000B4AA0 /* DINCondensed-Bold.ttf */,
				366229A528F0AB8D00907C73 /* DINAlternate-Bold.ttf */,
			);
			path = Fonts;
			sourceTree = "<group>";
		};
		3663D36928DE3033001F0FE3 /* Functions */ = {
			isa = PBXGroup;
			children = (
				3663D36728DE2E25001F0FE3 /* GenericFunctions.swift */,
			);
			path = Functions;
			sourceTree = "<group>";
		};
		3663D36A28DE3047001F0FE3 /* Views */ = {
			isa = PBXGroup;
			children = (
				1540DD7228F4A30D0079A4EC /* TextField */,
				23199EE228DE53270064E574 /* ButtonCardView.swift */,
				3663D36328DE2230001F0FE3 /* GenericButtons.swift */,
				36DFD53428E23BED002D1399 /* FinalFlowView.swift */,
				233FB52028E622FE008EE961 /* AlertView.swift */,
			);
			path = Views;
			sourceTree = "<group>";
		};
		CD33B49028DE2B7700E25CF5 /* Player */ = {
			isa = PBXGroup;
			children = (
				CD33B49128DE2B9D00E25CF5 /* PlayerView.swift */,
				366229A728F0BF3C00907C73 /* PlayerSelectedView.swift */,
			);
			path = Player;
			sourceTree = "<group>";
		};
		CD58D94D28F4A33D00486117 /* CardAnimation  */ = {
			isa = PBXGroup;
			children = (
				CD58D95028F4A3F900486117 /* JsonFile */,
				CD58D94E28F4A36200486117 /* CardsAnimation.swift */,
				CDB53D2D28FDF05D00F55B96 /* ShuffleAnimation.swift */,
				CD58D95328F4A49500486117 /* LottieView.swift */,
			);
			path = "CardAnimation ";
			sourceTree = "<group>";
		};
		CD58D95028F4A3F900486117 /* JsonFile */ = {
			isa = PBXGroup;
			children = (
				CDB53D2F28FDF09000F55B96 /* ShuffleAnimation.json */,
				CD58D95928F4BBF000486117 /* Splash.json */,
			);
			path = JsonFile;
			sourceTree = "<group>";
		};
		CDA35D0A28E4E17F0064B3B8 /* ShiftPlayer */ = {
			isa = PBXGroup;
			children = (
				CDA35D0B28E4E1B10064B3B8 /* ShiftPlayerView.swift */,
			);
			path = ShiftPlayer;
			sourceTree = "<group>";
		};
		CDBFA47528E22A2700BBD368 /* SplashScreen */ = {
			isa = PBXGroup;
			children = (
				CDBFA47328E226B700BBD368 /* SplashScreen.swift */,
			);
			path = SplashScreen;
			sourceTree = "<group>";
		};
/* End PBXGroup section */

/* Begin PBXNativeTarget section */
		155537F828D8E3DA00CA5573 /* Dizcarta */ = {
			isa = PBXNativeTarget;
			buildConfigurationList = 1555382328D8E3DD00CA5573 /* Build configuration list for PBXNativeTarget "Dizcarta" */;
			buildPhases = (
				155537F528D8E3DA00CA5573 /* Sources */,
				155537F628D8E3DA00CA5573 /* Frameworks */,
				155537F728D8E3DA00CA5573 /* Resources */,
				23BDCD0A28E238FD00C72E64 /* ShellScript */,
			);
			buildRules = (
			);
			dependencies = (
			);
			name = Dizcarta;
			packageProductDependencies = (
				232E14A228FDC6F800D68141 /* Lottie */,
			);
			productName = Dizcarta;
			productReference = 155537F928D8E3DA00CA5573 /* Dizcarta.app */;
			productType = "com.apple.product-type.application";
		};
		1555380E28D8E3DD00CA5573 /* DizcartaTests */ = {
			isa = PBXNativeTarget;
			buildConfigurationList = 1555382628D8E3DD00CA5573 /* Build configuration list for PBXNativeTarget "DizcartaTests" */;
			buildPhases = (
				1555380B28D8E3DD00CA5573 /* Sources */,
				1555380C28D8E3DD00CA5573 /* Frameworks */,
				1555380D28D8E3DD00CA5573 /* Resources */,
			);
			buildRules = (
			);
			dependencies = (
				1555381128D8E3DD00CA5573 /* PBXTargetDependency */,
			);
			name = DizcartaTests;
			productName = DizcartaTests;
			productReference = 1555380F28D8E3DD00CA5573 /* DizcartaTests.xctest */;
			productType = "com.apple.product-type.bundle.unit-test";
		};
		1555381828D8E3DD00CA5573 /* DizcartaUITests */ = {
			isa = PBXNativeTarget;
			buildConfigurationList = 1555382928D8E3DD00CA5573 /* Build configuration list for PBXNativeTarget "DizcartaUITests" */;
			buildPhases = (
				1555381528D8E3DD00CA5573 /* Sources */,
				1555381628D8E3DD00CA5573 /* Frameworks */,
				1555381728D8E3DD00CA5573 /* Resources */,
			);
			buildRules = (
			);
			dependencies = (
				1555381B28D8E3DD00CA5573 /* PBXTargetDependency */,
			);
			name = DizcartaUITests;
			productName = DizcartaUITests;
			productReference = 1555381928D8E3DD00CA5573 /* DizcartaUITests.xctest */;
			productType = "com.apple.product-type.bundle.ui-testing";
		};
/* End PBXNativeTarget section */

/* Begin PBXProject section */
		155537F128D8E3DA00CA5573 /* Project object */ = {
			isa = PBXProject;
			attributes = {
				BuildIndependentTargetsInParallel = 1;
				LastSwiftUpdateCheck = 1400;
				LastUpgradeCheck = 1400;
				TargetAttributes = {
					155537F828D8E3DA00CA5573 = {
						CreatedOnToolsVersion = 14.0;
					};
					1555380E28D8E3DD00CA5573 = {
						CreatedOnToolsVersion = 14.0;
						TestTargetID = 155537F828D8E3DA00CA5573;
					};
					1555381828D8E3DD00CA5573 = {
						CreatedOnToolsVersion = 14.0;
						TestTargetID = 155537F828D8E3DA00CA5573;
					};
				};
			};
			buildConfigurationList = 155537F428D8E3DA00CA5573 /* Build configuration list for PBXProject "Dizcarta" */;
			compatibilityVersion = "Xcode 14.0";
			developmentRegion = en;
			hasScannedForEncodings = 0;
			knownRegions = (
				en,
				Base,
			);
			mainGroup = 155537F028D8E3DA00CA5573;
			packageReferences = (
				232E14A128FDC6F800D68141 /* XCRemoteSwiftPackageReference "lottie-ios" */,
			);
			productRefGroup = 155537FA28D8E3DA00CA5573 /* Products */;
			projectDirPath = "";
			projectRoot = "";
			targets = (
				155537F828D8E3DA00CA5573 /* Dizcarta */,
				1555380E28D8E3DD00CA5573 /* DizcartaTests */,
				1555381828D8E3DD00CA5573 /* DizcartaUITests */,
			);
		};
/* End PBXProject section */

/* Begin PBXResourcesBuildPhase section */
		155537F728D8E3DA00CA5573 /* Resources */ = {
			isa = PBXResourcesBuildPhase;
			buildActionMask = 2147483647;
			files = (
				CDB53D3028FDF09000F55B96 /* ShuffleAnimation.json in Resources */,
				238DF95028DA509900F9A23B /* README.md in Resources */,
				1555380428D8E3DC00CA5573 /* Preview Assets.xcassets in Resources */,
				153F261028F5E7B2000B4AA0 /* DINCondensed-Bold.ttf in Resources */,
				1555380128D8E3DC00CA5573 /* Assets.xcassets in Resources */,
				23C90ED728EF711F0079EEFA /* cardsMock.json in Resources */,
				366229A628F0AB8E00907C73 /* DINAlternate-Bold.ttf in Resources */,
				23C90ECF28EF5D020079EEFA /* cards.json in Resources */,
				CD58D95A28F4BBF000486117 /* Splash.json in Resources */,
			);
			runOnlyForDeploymentPostprocessing = 0;
		};
		1555380D28D8E3DD00CA5573 /* Resources */ = {
			isa = PBXResourcesBuildPhase;
			buildActionMask = 2147483647;
			files = (
				23C90ED628EF706D0079EEFA /* cardsMock.json in Resources */,
			);
			runOnlyForDeploymentPostprocessing = 0;
		};
		1555381728D8E3DD00CA5573 /* Resources */ = {
			isa = PBXResourcesBuildPhase;
			buildActionMask = 2147483647;
			files = (
			);
			runOnlyForDeploymentPostprocessing = 0;
		};
/* End PBXResourcesBuildPhase section */

/* Begin PBXShellScriptBuildPhase section */
		23BDCD0A28E238FD00C72E64 /* ShellScript */ = {
			isa = PBXShellScriptBuildPhase;
			alwaysOutOfDate = 1;
			buildActionMask = 2147483647;
			files = (
			);
			inputFileListPaths = (
			);
			inputPaths = (
			);
			outputFileListPaths = (
			);
			outputPaths = (
			);
			runOnlyForDeploymentPostprocessing = 0;
			shellPath = /bin/sh;
			shellScript = "# Type a script or drag a script file from your workspace to insert its path.\nif which swiftlint >/dev/null; then\n    swiftlint\nelse\n    echo \"warning: SwiftLint not installed, download from https://github.com/realm/SwiftLint\"\nfi\n";
		};
/* End PBXShellScriptBuildPhase section */

/* Begin PBXSourcesBuildPhase section */
		155537F528D8E3DA00CA5573 /* Sources */ = {
			isa = PBXSourcesBuildPhase;
			buildActionMask = 2147483647;
			files = (
				23199EE328DE53270064E574 /* ButtonCardView.swift in Sources */,
				2340D8F228F491BD0016CB0F /* GameCore+Players.swift in Sources */,
				15E07D8028EF6D52005D2A80 /* AvatarData.swift in Sources */,
				151EA3AB28EDFC4B000BEA9E /* Configurations+Observed.swift in Sources */,
				23C90ED128EF5D3B0079EEFA /* JsonManager.swift in Sources */,
				CD58D94F28F4A36200486117 /* CardsAnimation.swift in Sources */,
				1552780028DCE7E0003F83EF /* InGameView.swift in Sources */,
				1555380628D8E3DC00CA5573 /* PersistenceController.swift in Sources */,
				15A0819528E2417A00D479B8 /* RankingView.swift in Sources */,
				23199EE128DE527B0064E574 /* ConfigurationsView.swift in Sources */,
				366229A228EF55F400907C73 /* NeonButton.swift in Sources */,
				23199ED228DE23DF0064E574 /* Repository.swift in Sources */,
				155537FF28D8E3DA00CA5573 /* HomeView.swift in Sources */,
				CD33B49228DE2B9D00E25CF5 /* PlayerView.swift in Sources */,
				367C85EF28F5E9240041137A /* Fonts+Enum.swift in Sources */,
				15A0818F28E2274400D479B8 /* HistoryView.swift in Sources */,
				15E07D8228EF6DC2005D2A80 /* SetupMatch+Observed.swift in Sources */,
				15A5A2C828E623E60038F2FF /* GameOverView.swift in Sources */,
				15A5A2CB28E624850038F2FF /* PlayerGameOver.swift in Sources */,
				1552780328DCE7EA003F83EF /* FrontCard.swift in Sources */,
				15A0819128E2280900D479B8 /* HistoryData.swift in Sources */,
				CDBFA47428E226B700BBD368 /* SplashScreen.swift in Sources */,
				36BE666928E37BA30069BB60 /* ActionChoise.swift in Sources */,
				15E07D7828EF4A2C005D2A80 /* Avatar.swift in Sources */,
				23A7D2F928F5F10400BB7061 /* Player+Wrapped.swift in Sources */,
				23C90ED428EF6AAB0079EEFA /* CardCodable.swift in Sources */,
				CDA35D0C28E4E1B10064B3B8 /* ShiftPlayerView.swift in Sources */,
				15E07D7A28EF4A38005D2A80 /* SetupMatchView.swift in Sources */,
				1552780428DCE7EA003F83EF /* BackCard.swift in Sources */,
				36DFD53328E21F01002D1399 /* FeedbackButtonPress.swift in Sources */,
				155537FD28D8E3DA00CA5573 /* AppCore.swift in Sources */,
				155277EC28DC76E4003F83EF /* Color+AppColor.swift in Sources */,
				36DFD53528E23BED002D1399 /* FinalFlowView.swift in Sources */,
				3663D36828DE2E25001F0FE3 /* GenericFunctions.swift in Sources */,
				3663D36428DE2230001F0FE3 /* GenericButtons.swift in Sources */,
				CD58D95428F4A49500486117 /* LottieView.swift in Sources */,
				CDB53D2E28FDF05D00F55B96 /* ShuffleAnimation.swift in Sources */,
				1540DD7428F4A3200079A4EC /* TextFieldClearButton.swift in Sources */,
				23199EE028DE527B0064E574 /* ConfigButton.swift in Sources */,
				1555380928D8E3DC00CA5573 /* Dizcarta.xcdatamodeld in Sources */,
				367C85ED28F5E8C80041137A /* ButtonsEnum.swift in Sources */,
				366229A828F0BF3C00907C73 /* PlayerSelectedView.swift in Sources */,
				233FB52128E622FE008EE961 /* AlertView.swift in Sources */,
				2340D8EF28F4904C0016CB0F /* GameCore.swift in Sources */,
				23199ED428DE24C20064E574 /* PlayerRepository.swift in Sources */,
				151EA3A828EDFB9B000BEA9E /* ButtonData.swift in Sources */,
			);
			runOnlyForDeploymentPostprocessing = 0;
		};
		1555380B28D8E3DD00CA5573 /* Sources */ = {
			isa = PBXSourcesBuildPhase;
			buildActionMask = 2147483647;
			files = (
				1555381428D8E3DD00CA5573 /* DizcartaTests.swift in Sources */,
				232E1D7428EE034D00BBA976 /* CoreDataCreateTests.swift in Sources */,
				2387D35028ECAC8000BE761B /* UtilsFunctionsTest.swift in Sources */,
				232E1D7628EE058100BBA976 /* CoreDataGetTests.swift in Sources */,
			);
			runOnlyForDeploymentPostprocessing = 0;
		};
		1555381528D8E3DD00CA5573 /* Sources */ = {
			isa = PBXSourcesBuildPhase;
			buildActionMask = 2147483647;
			files = (
				1555382028D8E3DD00CA5573 /* DizcartaUITestsLaunchTests.swift in Sources */,
				1555381E28D8E3DD00CA5573 /* DizcartaUITests.swift in Sources */,
			);
			runOnlyForDeploymentPostprocessing = 0;
		};
/* End PBXSourcesBuildPhase section */

/* Begin PBXTargetDependency section */
		1555381128D8E3DD00CA5573 /* PBXTargetDependency */ = {
			isa = PBXTargetDependency;
			target = 155537F828D8E3DA00CA5573 /* Dizcarta */;
			targetProxy = 1555381028D8E3DD00CA5573 /* PBXContainerItemProxy */;
		};
		1555381B28D8E3DD00CA5573 /* PBXTargetDependency */ = {
			isa = PBXTargetDependency;
			target = 155537F828D8E3DA00CA5573 /* Dizcarta */;
			targetProxy = 1555381A28D8E3DD00CA5573 /* PBXContainerItemProxy */;
		};
/* End PBXTargetDependency section */

/* Begin XCBuildConfiguration section */
		1555382128D8E3DD00CA5573 /* Debug */ = {
			isa = XCBuildConfiguration;
			buildSettings = {
				ALWAYS_SEARCH_USER_PATHS = NO;
				CLANG_ANALYZER_NONNULL = YES;
				CLANG_ANALYZER_NUMBER_OBJECT_CONVERSION = YES_AGGRESSIVE;
				CLANG_CXX_LANGUAGE_STANDARD = "gnu++20";
				CLANG_ENABLE_MODULES = YES;
				CLANG_ENABLE_OBJC_ARC = YES;
				CLANG_ENABLE_OBJC_WEAK = YES;
				CLANG_WARN_BLOCK_CAPTURE_AUTORELEASING = YES;
				CLANG_WARN_BOOL_CONVERSION = YES;
				CLANG_WARN_COMMA = YES;
				CLANG_WARN_CONSTANT_CONVERSION = YES;
				CLANG_WARN_DEPRECATED_OBJC_IMPLEMENTATIONS = YES;
				CLANG_WARN_DIRECT_OBJC_ISA_USAGE = YES_ERROR;
				CLANG_WARN_DOCUMENTATION_COMMENTS = YES;
				CLANG_WARN_EMPTY_BODY = YES;
				CLANG_WARN_ENUM_CONVERSION = YES;
				CLANG_WARN_INFINITE_RECURSION = YES;
				CLANG_WARN_INT_CONVERSION = YES;
				CLANG_WARN_NON_LITERAL_NULL_CONVERSION = YES;
				CLANG_WARN_OBJC_IMPLICIT_RETAIN_SELF = YES;
				CLANG_WARN_OBJC_LITERAL_CONVERSION = YES;
				CLANG_WARN_OBJC_ROOT_CLASS = YES_ERROR;
				CLANG_WARN_QUOTED_INCLUDE_IN_FRAMEWORK_HEADER = YES;
				CLANG_WARN_RANGE_LOOP_ANALYSIS = YES;
				CLANG_WARN_STRICT_PROTOTYPES = YES;
				CLANG_WARN_SUSPICIOUS_MOVE = YES;
				CLANG_WARN_UNGUARDED_AVAILABILITY = YES_AGGRESSIVE;
				CLANG_WARN_UNREACHABLE_CODE = YES;
				CLANG_WARN__DUPLICATE_METHOD_MATCH = YES;
				COPY_PHASE_STRIP = NO;
				DEBUG_INFORMATION_FORMAT = dwarf;
				ENABLE_STRICT_OBJC_MSGSEND = YES;
				ENABLE_TESTABILITY = YES;
				GCC_C_LANGUAGE_STANDARD = gnu11;
				GCC_DYNAMIC_NO_PIC = NO;
				GCC_NO_COMMON_BLOCKS = YES;
				GCC_OPTIMIZATION_LEVEL = 0;
				GCC_PREPROCESSOR_DEFINITIONS = (
					"DEBUG=1",
					"$(inherited)",
				);
				GCC_WARN_64_TO_32_BIT_CONVERSION = YES;
				GCC_WARN_ABOUT_RETURN_TYPE = YES_ERROR;
				GCC_WARN_UNDECLARED_SELECTOR = YES;
				GCC_WARN_UNINITIALIZED_AUTOS = YES_AGGRESSIVE;
				GCC_WARN_UNUSED_FUNCTION = YES;
				GCC_WARN_UNUSED_VARIABLE = YES;
				IPHONEOS_DEPLOYMENT_TARGET = 15.0;
				MTL_ENABLE_DEBUG_INFO = INCLUDE_SOURCE;
				MTL_FAST_MATH = YES;
				ONLY_ACTIVE_ARCH = YES;
				SDKROOT = iphoneos;
				SWIFT_ACTIVE_COMPILATION_CONDITIONS = DEBUG;
				SWIFT_OPTIMIZATION_LEVEL = "-Onone";
			};
			name = Debug;
		};
		1555382228D8E3DD00CA5573 /* Release */ = {
			isa = XCBuildConfiguration;
			buildSettings = {
				ALWAYS_SEARCH_USER_PATHS = NO;
				CLANG_ANALYZER_NONNULL = YES;
				CLANG_ANALYZER_NUMBER_OBJECT_CONVERSION = YES_AGGRESSIVE;
				CLANG_CXX_LANGUAGE_STANDARD = "gnu++20";
				CLANG_ENABLE_MODULES = YES;
				CLANG_ENABLE_OBJC_ARC = YES;
				CLANG_ENABLE_OBJC_WEAK = YES;
				CLANG_WARN_BLOCK_CAPTURE_AUTORELEASING = YES;
				CLANG_WARN_BOOL_CONVERSION = YES;
				CLANG_WARN_COMMA = YES;
				CLANG_WARN_CONSTANT_CONVERSION = YES;
				CLANG_WARN_DEPRECATED_OBJC_IMPLEMENTATIONS = YES;
				CLANG_WARN_DIRECT_OBJC_ISA_USAGE = YES_ERROR;
				CLANG_WARN_DOCUMENTATION_COMMENTS = YES;
				CLANG_WARN_EMPTY_BODY = YES;
				CLANG_WARN_ENUM_CONVERSION = YES;
				CLANG_WARN_INFINITE_RECURSION = YES;
				CLANG_WARN_INT_CONVERSION = YES;
				CLANG_WARN_NON_LITERAL_NULL_CONVERSION = YES;
				CLANG_WARN_OBJC_IMPLICIT_RETAIN_SELF = YES;
				CLANG_WARN_OBJC_LITERAL_CONVERSION = YES;
				CLANG_WARN_OBJC_ROOT_CLASS = YES_ERROR;
				CLANG_WARN_QUOTED_INCLUDE_IN_FRAMEWORK_HEADER = YES;
				CLANG_WARN_RANGE_LOOP_ANALYSIS = YES;
				CLANG_WARN_STRICT_PROTOTYPES = YES;
				CLANG_WARN_SUSPICIOUS_MOVE = YES;
				CLANG_WARN_UNGUARDED_AVAILABILITY = YES_AGGRESSIVE;
				CLANG_WARN_UNREACHABLE_CODE = YES;
				CLANG_WARN__DUPLICATE_METHOD_MATCH = YES;
				COPY_PHASE_STRIP = NO;
				DEBUG_INFORMATION_FORMAT = "dwarf-with-dsym";
				ENABLE_NS_ASSERTIONS = NO;
				ENABLE_STRICT_OBJC_MSGSEND = YES;
				GCC_C_LANGUAGE_STANDARD = gnu11;
				GCC_NO_COMMON_BLOCKS = YES;
				GCC_WARN_64_TO_32_BIT_CONVERSION = YES;
				GCC_WARN_ABOUT_RETURN_TYPE = YES_ERROR;
				GCC_WARN_UNDECLARED_SELECTOR = YES;
				GCC_WARN_UNINITIALIZED_AUTOS = YES_AGGRESSIVE;
				GCC_WARN_UNUSED_FUNCTION = YES;
				GCC_WARN_UNUSED_VARIABLE = YES;
				IPHONEOS_DEPLOYMENT_TARGET = 15.0;
				MTL_ENABLE_DEBUG_INFO = NO;
				MTL_FAST_MATH = YES;
				SDKROOT = iphoneos;
				SWIFT_COMPILATION_MODE = wholemodule;
				SWIFT_OPTIMIZATION_LEVEL = "-O";
				VALIDATE_PRODUCT = YES;
			};
			name = Release;
		};
		1555382428D8E3DD00CA5573 /* Debug */ = {
			isa = XCBuildConfiguration;
			buildSettings = {
				ASSETCATALOG_COMPILER_APPICON_NAME = AppIcon;
				ASSETCATALOG_COMPILER_GLOBAL_ACCENT_COLOR_NAME = AccentColor;
				CODE_SIGN_STYLE = Automatic;
				CURRENT_PROJECT_VERSION = 1;
				DEVELOPMENT_ASSET_PATHS = "\"Dizcarta/Preview Content\"";
				DEVELOPMENT_TEAM = 272983AP33;
				ENABLE_PREVIEWS = YES;
				GENERATE_INFOPLIST_FILE = YES;
				INFOPLIST_KEY_CFBundleDisplayName = Dizcarta;
				INFOPLIST_KEY_LSApplicationCategoryType = "public.app-category.family-games";
				INFOPLIST_KEY_UIApplicationSceneManifest_Generation = YES;
				INFOPLIST_KEY_UIApplicationSupportsIndirectInputEvents = YES;
				INFOPLIST_KEY_UILaunchScreen_Generation = YES;
				INFOPLIST_KEY_UIStatusBarStyle = UIStatusBarStyleDarkContent;
				INFOPLIST_KEY_UISupportedInterfaceOrientations = UIInterfaceOrientationPortrait;
				INFOPLIST_KEY_UISupportedInterfaceOrientations_iPad = "UIInterfaceOrientationLandscapeLeft UIInterfaceOrientationLandscapeRight UIInterfaceOrientationPortrait UIInterfaceOrientationPortraitUpsideDown";
				IPHONEOS_DEPLOYMENT_TARGET = 15.0;
				LD_RUNPATH_SEARCH_PATHS = (
					"$(inherited)",
					"@executable_path/Frameworks",
				);
				MARKETING_VERSION = 1.0;
				PRODUCT_BUNDLE_IDENTIFIER = br.com.felipeb.Dizcarta;
				PRODUCT_NAME = "$(TARGET_NAME)";
				SUPPORTED_PLATFORMS = "iphoneos iphonesimulator";
				SUPPORTS_MACCATALYST = NO;
				SUPPORTS_MAC_DESIGNED_FOR_IPHONE_IPAD = NO;
				SWIFT_EMIT_LOC_STRINGS = YES;
				SWIFT_VERSION = 5.0;
				TARGETED_DEVICE_FAMILY = 1;
			};
			name = Debug;
		};
		1555382528D8E3DD00CA5573 /* Release */ = {
			isa = XCBuildConfiguration;
			buildSettings = {
				ASSETCATALOG_COMPILER_APPICON_NAME = AppIcon;
				ASSETCATALOG_COMPILER_GLOBAL_ACCENT_COLOR_NAME = AccentColor;
				CODE_SIGN_STYLE = Automatic;
				CURRENT_PROJECT_VERSION = 1;
				DEVELOPMENT_ASSET_PATHS = "\"Dizcarta/Preview Content\"";
				DEVELOPMENT_TEAM = 272983AP33;
				ENABLE_PREVIEWS = YES;
				GENERATE_INFOPLIST_FILE = YES;
				INFOPLIST_KEY_CFBundleDisplayName = Dizcarta;
				INFOPLIST_KEY_LSApplicationCategoryType = "public.app-category.family-games";
				INFOPLIST_KEY_UIApplicationSceneManifest_Generation = YES;
				INFOPLIST_KEY_UIApplicationSupportsIndirectInputEvents = YES;
				INFOPLIST_KEY_UILaunchScreen_Generation = YES;
				INFOPLIST_KEY_UIStatusBarStyle = UIStatusBarStyleDarkContent;
				INFOPLIST_KEY_UISupportedInterfaceOrientations = UIInterfaceOrientationPortrait;
				INFOPLIST_KEY_UISupportedInterfaceOrientations_iPad = "UIInterfaceOrientationLandscapeLeft UIInterfaceOrientationLandscapeRight UIInterfaceOrientationPortrait UIInterfaceOrientationPortraitUpsideDown";
				IPHONEOS_DEPLOYMENT_TARGET = 15.0;
				LD_RUNPATH_SEARCH_PATHS = (
					"$(inherited)",
					"@executable_path/Frameworks",
				);
				MARKETING_VERSION = 1.0;
				PRODUCT_BUNDLE_IDENTIFIER = br.com.felipeb.Dizcarta;
				PRODUCT_NAME = "$(TARGET_NAME)";
				SUPPORTED_PLATFORMS = "iphoneos iphonesimulator";
				SUPPORTS_MACCATALYST = NO;
				SUPPORTS_MAC_DESIGNED_FOR_IPHONE_IPAD = NO;
				SWIFT_EMIT_LOC_STRINGS = YES;
				SWIFT_VERSION = 5.0;
				TARGETED_DEVICE_FAMILY = 1;
			};
			name = Release;
		};
		1555382728D8E3DD00CA5573 /* Debug */ = {
			isa = XCBuildConfiguration;
			buildSettings = {
				ALWAYS_EMBED_SWIFT_STANDARD_LIBRARIES = YES;
				BUNDLE_LOADER = "$(TEST_HOST)";
				CODE_SIGN_STYLE = Automatic;
				CURRENT_PROJECT_VERSION = 1;
				DEVELOPMENT_TEAM = 3753BCYQD8;
				GENERATE_INFOPLIST_FILE = YES;
				IPHONEOS_DEPLOYMENT_TARGET = 16.0;
				MARKETING_VERSION = 1.0;
				PRODUCT_BUNDLE_IDENTIFIER = br.com.felipeb.DizcartaTests;
				PRODUCT_NAME = "$(TARGET_NAME)";
				SWIFT_EMIT_LOC_STRINGS = NO;
				SWIFT_VERSION = 5.0;
				TARGETED_DEVICE_FAMILY = "1,2";
				TEST_HOST = "$(BUILT_PRODUCTS_DIR)/Dizcarta.app/$(BUNDLE_EXECUTABLE_FOLDER_PATH)/Dizcarta";
			};
			name = Debug;
		};
		1555382828D8E3DD00CA5573 /* Release */ = {
			isa = XCBuildConfiguration;
			buildSettings = {
				ALWAYS_EMBED_SWIFT_STANDARD_LIBRARIES = YES;
				BUNDLE_LOADER = "$(TEST_HOST)";
				CODE_SIGN_STYLE = Automatic;
				CURRENT_PROJECT_VERSION = 1;
				DEVELOPMENT_TEAM = 3753BCYQD8;
				GENERATE_INFOPLIST_FILE = YES;
				IPHONEOS_DEPLOYMENT_TARGET = 16.0;
				MARKETING_VERSION = 1.0;
				PRODUCT_BUNDLE_IDENTIFIER = br.com.felipeb.DizcartaTests;
				PRODUCT_NAME = "$(TARGET_NAME)";
				SWIFT_EMIT_LOC_STRINGS = NO;
				SWIFT_VERSION = 5.0;
				TARGETED_DEVICE_FAMILY = "1,2";
				TEST_HOST = "$(BUILT_PRODUCTS_DIR)/Dizcarta.app/$(BUNDLE_EXECUTABLE_FOLDER_PATH)/Dizcarta";
			};
			name = Release;
		};
		1555382A28D8E3DD00CA5573 /* Debug */ = {
			isa = XCBuildConfiguration;
			buildSettings = {
				ALWAYS_EMBED_SWIFT_STANDARD_LIBRARIES = YES;
				CODE_SIGN_STYLE = Automatic;
				CURRENT_PROJECT_VERSION = 1;
				DEVELOPMENT_TEAM = 3753BCYQD8;
				GENERATE_INFOPLIST_FILE = YES;
				MARKETING_VERSION = 1.0;
				PRODUCT_BUNDLE_IDENTIFIER = br.com.felipeb.DizcartaUITests;
				PRODUCT_NAME = "$(TARGET_NAME)";
				SWIFT_EMIT_LOC_STRINGS = NO;
				SWIFT_VERSION = 5.0;
				TARGETED_DEVICE_FAMILY = "1,2";
				TEST_TARGET_NAME = Dizcarta;
			};
			name = Debug;
		};
		1555382B28D8E3DD00CA5573 /* Release */ = {
			isa = XCBuildConfiguration;
			buildSettings = {
				ALWAYS_EMBED_SWIFT_STANDARD_LIBRARIES = YES;
				CODE_SIGN_STYLE = Automatic;
				CURRENT_PROJECT_VERSION = 1;
				DEVELOPMENT_TEAM = 3753BCYQD8;
				GENERATE_INFOPLIST_FILE = YES;
				MARKETING_VERSION = 1.0;
				PRODUCT_BUNDLE_IDENTIFIER = br.com.felipeb.DizcartaUITests;
				PRODUCT_NAME = "$(TARGET_NAME)";
				SWIFT_EMIT_LOC_STRINGS = NO;
				SWIFT_VERSION = 5.0;
				TARGETED_DEVICE_FAMILY = "1,2";
				TEST_TARGET_NAME = Dizcarta;
			};
			name = Release;
		};
/* End XCBuildConfiguration section */

/* Begin XCConfigurationList section */
		155537F428D8E3DA00CA5573 /* Build configuration list for PBXProject "Dizcarta" */ = {
			isa = XCConfigurationList;
			buildConfigurations = (
				1555382128D8E3DD00CA5573 /* Debug */,
				1555382228D8E3DD00CA5573 /* Release */,
			);
			defaultConfigurationIsVisible = 0;
			defaultConfigurationName = Release;
		};
		1555382328D8E3DD00CA5573 /* Build configuration list for PBXNativeTarget "Dizcarta" */ = {
			isa = XCConfigurationList;
			buildConfigurations = (
				1555382428D8E3DD00CA5573 /* Debug */,
				1555382528D8E3DD00CA5573 /* Release */,
			);
			defaultConfigurationIsVisible = 0;
			defaultConfigurationName = Release;
		};
		1555382628D8E3DD00CA5573 /* Build configuration list for PBXNativeTarget "DizcartaTests" */ = {
			isa = XCConfigurationList;
			buildConfigurations = (
				1555382728D8E3DD00CA5573 /* Debug */,
				1555382828D8E3DD00CA5573 /* Release */,
			);
			defaultConfigurationIsVisible = 0;
			defaultConfigurationName = Release;
		};
		1555382928D8E3DD00CA5573 /* Build configuration list for PBXNativeTarget "DizcartaUITests" */ = {
			isa = XCConfigurationList;
			buildConfigurations = (
				1555382A28D8E3DD00CA5573 /* Debug */,
				1555382B28D8E3DD00CA5573 /* Release */,
			);
			defaultConfigurationIsVisible = 0;
			defaultConfigurationName = Release;
		};
/* End XCConfigurationList section */

/* Begin XCRemoteSwiftPackageReference section */
		232E14A128FDC6F800D68141 /* XCRemoteSwiftPackageReference "lottie-ios" */ = {
			isa = XCRemoteSwiftPackageReference;
			repositoryURL = "https://github.com/airbnb/lottie-ios";
			requirement = {
				kind = upToNextMajorVersion;
				minimumVersion = 3.0.0;
			};
		};
/* End XCRemoteSwiftPackageReference section */

/* Begin XCSwiftPackageProductDependency section */
		232E14A228FDC6F800D68141 /* Lottie */ = {
			isa = XCSwiftPackageProductDependency;
			package = 232E14A128FDC6F800D68141 /* XCRemoteSwiftPackageReference "lottie-ios" */;
			productName = Lottie;
		};
/* End XCSwiftPackageProductDependency section */

/* Begin XCVersionGroup section */
		1555380728D8E3DC00CA5573 /* Dizcarta.xcdatamodeld */ = {
			isa = XCVersionGroup;
			children = (
				1555380828D8E3DC00CA5573 /* Dizcarta.xcdatamodel */,
			);
			currentVersion = 1555380828D8E3DC00CA5573 /* Dizcarta.xcdatamodel */;
			path = Dizcarta.xcdatamodeld;
			sourceTree = "<group>";
			versionGroupType = wrapper.xcdatamodel;
		};
/* End XCVersionGroup section */
	};
	rootObject = 155537F128D8E3DA00CA5573 /* Project object */;
}
