// !$*UTF8*$!
{
	archiveVersion = 1;
	classes = {
	};
	objectVersion = 56;
	objects = {

/* Begin PBXBuildFile section */
		155277E328DB915C003F83EF /* PlayerListView.swift in Sources */ = {isa = PBXBuildFile; fileRef = 155277E228DB915C003F83EF /* PlayerListView.swift */; };
		155277E628DB9DAB003F83EF /* ProgressBarView.swift in Sources */ = {isa = PBXBuildFile; fileRef = 155277E528DB9DAB003F83EF /* ProgressBarView.swift */; };
		155277F128DC7C83003F83EF /* BackCard.swift in Sources */ = {isa = PBXBuildFile; fileRef = 155277F028DC7C83003F83EF /* BackCard.swift */; };
		155277F528DC8011003F83EF /* FrontCard.swift in Sources */ = {isa = PBXBuildFile; fileRef = 155277F428DC8011003F83EF /* FrontCard.swift */; };
		155277F728DC866A003F83EF /* InGameView.swift in Sources */ = {isa = PBXBuildFile; fileRef = 155277F628DC866A003F83EF /* InGameView.swift */; };
		155277E928DBB343003F83EF /* PlayerView.swift in Sources */ = {isa = PBXBuildFile; fileRef = 155277E828DBB343003F83EF /* PlayerView.swift */; };
		155277EC28DC76E4003F83EF /* UIColor+Color.swift in Sources */ = {isa = PBXBuildFile; fileRef = 155277EB28DC76E4003F83EF /* UIColor+Color.swift */; };
		155537FD28D8E3DA00CA5573 /* AppCore.swift in Sources */ = {isa = PBXBuildFile; fileRef = 155537FC28D8E3DA00CA5573 /* AppCore.swift */; };
		155537FF28D8E3DA00CA5573 /* HomeView.swift in Sources */ = {isa = PBXBuildFile; fileRef = 155537FE28D8E3DA00CA5573 /* HomeView.swift */; };
		1555380128D8E3DC00CA5573 /* Assets.xcassets in Resources */ = {isa = PBXBuildFile; fileRef = 1555380028D8E3DC00CA5573 /* Assets.xcassets */; };
		1555380428D8E3DC00CA5573 /* Preview Assets.xcassets in Resources */ = {isa = PBXBuildFile; fileRef = 1555380328D8E3DC00CA5573 /* Preview Assets.xcassets */; };
		1555380628D8E3DC00CA5573 /* PersistenceController.swift in Sources */ = {isa = PBXBuildFile; fileRef = 1555380528D8E3DC00CA5573 /* PersistenceController.swift */; };
		1555380928D8E3DC00CA5573 /* Dizcarta.xcdatamodeld in Sources */ = {isa = PBXBuildFile; fileRef = 1555380728D8E3DC00CA5573 /* Dizcarta.xcdatamodeld */; };
		1555381428D8E3DD00CA5573 /* DizcartaTests.swift in Sources */ = {isa = PBXBuildFile; fileRef = 1555381328D8E3DD00CA5573 /* DizcartaTests.swift */; };
		1555381E28D8E3DD00CA5573 /* DizcartaUITests.swift in Sources */ = {isa = PBXBuildFile; fileRef = 1555381D28D8E3DD00CA5573 /* DizcartaUITests.swift */; };
		1555382028D8E3DD00CA5573 /* DizcartaUITestsLaunchTests.swift in Sources */ = {isa = PBXBuildFile; fileRef = 1555381F28D8E3DD00CA5573 /* DizcartaUITestsLaunchTests.swift */; };
		238DF95028DA509900F9A23B /* README.md in Resources */ = {isa = PBXBuildFile; fileRef = 238DF94F28DA509900F9A23B /* README.md */; };
		CD0FC89628DA7BFB00C0C6F8 /* HomeButtons.swift in Sources */ = {isa = PBXBuildFile; fileRef = CD0FC89528DA7BFB00C0C6F8 /* HomeButtons.swift */; };
/* End PBXBuildFile section */

/* Begin PBXContainerItemProxy section */
		1555381028D8E3DD00CA5573 /* PBXContainerItemProxy */ = {
			isa = PBXContainerItemProxy;
			containerPortal = 155537F128D8E3DA00CA5573 /* Project object */;
			proxyType = 1;
			remoteGlobalIDString = 155537F828D8E3DA00CA5573;
			remoteInfo = Dizcarta;
		};
		1555381A28D8E3DD00CA5573 /* PBXContainerItemProxy */ = {
			isa = PBXContainerItemProxy;
			containerPortal = 155537F128D8E3DA00CA5573 /* Project object */;
			proxyType = 1;
			remoteGlobalIDString = 155537F828D8E3DA00CA5573;
			remoteInfo = Dizcarta;
		};
/* End PBXContainerItemProxy section */

/* Begin PBXFileReference section */
		155277E228DB915C003F83EF /* PlayerListView.swift */ = {isa = PBXFileReference; lastKnownFileType = sourcecode.swift; path = PlayerListView.swift; sourceTree = "<group>"; };
		155277E528DB9DAB003F83EF /* ProgressBarView.swift */ = {isa = PBXFileReference; lastKnownFileType = sourcecode.swift; path = ProgressBarView.swift; sourceTree = "<group>"; };
		155277F028DC7C83003F83EF /* BackCard.swift */ = {isa = PBXFileReference; lastKnownFileType = sourcecode.swift; path = BackCard.swift; sourceTree = "<group>"; };
		155277F428DC8011003F83EF /* FrontCard.swift */ = {isa = PBXFileReference; lastKnownFileType = sourcecode.swift; path = FrontCard.swift; sourceTree = "<group>"; };
		155277F628DC866A003F83EF /* InGameView.swift */ = {isa = PBXFileReference; lastKnownFileType = sourcecode.swift; path = InGameView.swift; sourceTree = "<group>"; };
		155277E828DBB343003F83EF /* PlayerView.swift */ = {isa = PBXFileReference; lastKnownFileType = sourcecode.swift; path = PlayerView.swift; sourceTree = "<group>"; };
		155277EB28DC76E4003F83EF /* UIColor+Color.swift */ = {isa = PBXFileReference; lastKnownFileType = sourcecode.swift; path = "UIColor+Color.swift"; sourceTree = "<group>"; };
		155537F928D8E3DA00CA5573 /* Dizcarta.app */ = {isa = PBXFileReference; explicitFileType = wrapper.application; includeInIndex = 0; path = Dizcarta.app; sourceTree = BUILT_PRODUCTS_DIR; };
		155537FC28D8E3DA00CA5573 /* AppCore.swift */ = {isa = PBXFileReference; lastKnownFileType = sourcecode.swift; path = AppCore.swift; sourceTree = "<group>"; };
		155537FE28D8E3DA00CA5573 /* HomeView.swift */ = {isa = PBXFileReference; lastKnownFileType = sourcecode.swift; path = HomeView.swift; sourceTree = "<group>"; };
		1555380028D8E3DC00CA5573 /* Assets.xcassets */ = {isa = PBXFileReference; lastKnownFileType = folder.assetcatalog; path = Assets.xcassets; sourceTree = "<group>"; };
		1555380328D8E3DC00CA5573 /* Preview Assets.xcassets */ = {isa = PBXFileReference; lastKnownFileType = folder.assetcatalog; path = "Preview Assets.xcassets"; sourceTree = "<group>"; };
		1555380528D8E3DC00CA5573 /* PersistenceController.swift */ = {isa = PBXFileReference; lastKnownFileType = sourcecode.swift; path = PersistenceController.swift; sourceTree = "<group>"; };
		1555380828D8E3DC00CA5573 /* Dizcarta.xcdatamodel */ = {isa = PBXFileReference; lastKnownFileType = wrapper.xcdatamodel; path = Dizcarta.xcdatamodel; sourceTree = "<group>"; };
		1555380A28D8E3DC00CA5573 /* Info.plist */ = {isa = PBXFileReference; lastKnownFileType = text.plist.xml; path = Info.plist; sourceTree = "<group>"; };
		1555380F28D8E3DD00CA5573 /* DizcartaTests.xctest */ = {isa = PBXFileReference; explicitFileType = wrapper.cfbundle; includeInIndex = 0; path = DizcartaTests.xctest; sourceTree = BUILT_PRODUCTS_DIR; };
		1555381328D8E3DD00CA5573 /* DizcartaTests.swift */ = {isa = PBXFileReference; lastKnownFileType = sourcecode.swift; path = DizcartaTests.swift; sourceTree = "<group>"; };
		1555381928D8E3DD00CA5573 /* DizcartaUITests.xctest */ = {isa = PBXFileReference; explicitFileType = wrapper.cfbundle; includeInIndex = 0; path = DizcartaUITests.xctest; sourceTree = BUILT_PRODUCTS_DIR; };
		1555381D28D8E3DD00CA5573 /* DizcartaUITests.swift */ = {isa = PBXFileReference; lastKnownFileType = sourcecode.swift; path = DizcartaUITests.swift; sourceTree = "<group>"; };
		1555381F28D8E3DD00CA5573 /* DizcartaUITestsLaunchTests.swift */ = {isa = PBXFileReference; lastKnownFileType = sourcecode.swift; path = DizcartaUITestsLaunchTests.swift; sourceTree = "<group>"; };
		238DF94F28DA509900F9A23B /* README.md */ = {isa = PBXFileReference; fileEncoding = 4; lastKnownFileType = net.daringfireball.markdown; path = README.md; sourceTree = SOURCE_ROOT; };
		CD0FC89528DA7BFB00C0C6F8 /* HomeButtons.swift */ = {isa = PBXFileReference; lastKnownFileType = sourcecode.swift; path = HomeButtons.swift; sourceTree = "<group>"; };
/* End PBXFileReference section */

/* Begin PBXFrameworksBuildPhase section */
		155537F628D8E3DA00CA5573 /* Frameworks */ = {
			isa = PBXFrameworksBuildPhase;
			buildActionMask = 2147483647;
			files = (
			);
			runOnlyForDeploymentPostprocessing = 0;
		};
		1555380C28D8E3DD00CA5573 /* Frameworks */ = {
			isa = PBXFrameworksBuildPhase;
			buildActionMask = 2147483647;
			files = (
			);
			runOnlyForDeploymentPostprocessing = 0;
		};
		1555381628D8E3DD00CA5573 /* Frameworks */ = {
			isa = PBXFrameworksBuildPhase;
			buildActionMask = 2147483647;
			files = (
			);
			runOnlyForDeploymentPostprocessing = 0;
		};
/* End PBXFrameworksBuildPhase section */

/* Begin PBXGroup section */
		155277E028DB9137003F83EF /* PlayerList */ = {
			isa = PBXGroup;
			children = (
				155277E128DB914A003F83EF /* View */,
			);
			path = PlayerList;
			sourceTree = "<group>";
		};
		155277E128DB914A003F83EF /* View */ = {
			isa = PBXGroup;
			children = (
				155277E428DB9D97003F83EF /* Shared */,
				155277E228DB915C003F83EF /* PlayerListView.swift */,
			);
			path = View;
			sourceTree = "<group>";
		};
		155277E428DB9D97003F83EF /* Shared */ = {
			isa = PBXGroup;
			children = (
				155277E528DB9DAB003F83EF /* ProgressBarView.swift */,
			);
			path = Shared;
			sourceTree = "<group>";
		};
		155277ED28DC7C2C003F83EF /* InGame */ = {
			isa = PBXGroup;
			children = (
				155277EF28DC7C5C003F83EF /* View */,
			);
			path = InGame;
			sourceTree = "<group>";
		};
		155277EE28DC7C52003F83EF /* Shared */ = {
			isa = PBXGroup;
			children = (
				155277F028DC7C83003F83EF /* BackCard.swift */,
				155277F428DC8011003F83EF /* FrontCard.swift */,
			);
			path = Shared;
			sourceTree = "<group>";
		};
		155277EF28DC7C5C003F83EF /* View */ = {
			isa = PBXGroup;
			children = (
				155277EE28DC7C52003F83EF /* Shared */,
				155277F628DC866A003F83EF /* InGameView.swift */,
			);
			path = View;

		155277E728DBB32B003F83EF /* Player */ = {
			isa = PBXGroup;
			children = (
				155277E828DBB343003F83EF /* PlayerView.swift */,
			);
			path = Player;
		155277EA28DC76CF003F83EF /* Extensions */ = {
			isa = PBXGroup;
			children = (
				155277EB28DC76E4003F83EF /* UIColor+Color.swift */,
			);
			path = Extensions;
			sourceTree = "<group>";
		};
		155537F028D8E3DA00CA5573 = {
			isa = PBXGroup;
			children = (
				155537FB28D8E3DA00CA5573 /* Dizcarta */,
				1555381228D8E3DD00CA5573 /* DizcartaTests */,
				1555381C28D8E3DD00CA5573 /* DizcartaUITests */,
				155537FA28D8E3DA00CA5573 /* Products */,
			);
			sourceTree = "<group>";
		};
		155537FA28D8E3DA00CA5573 /* Products */ = {
			isa = PBXGroup;
			children = (
				155537F928D8E3DA00CA5573 /* Dizcarta.app */,
				1555380F28D8E3DD00CA5573 /* DizcartaTests.xctest */,
				1555381928D8E3DD00CA5573 /* DizcartaUITests.xctest */,
			);
			name = Products;
			sourceTree = "<group>";
		};
		155537FB28D8E3DA00CA5573 /* Dizcarta */ = {
			isa = PBXGroup;
			children = (
				238DF94F28DA509900F9A23B /* README.md */,
				238DF94828DA387100F9A23B /* Core */,
				238DF94728DA383D00F9A23B /* Persistence */,
				238DF94628DA383000F9A23B /* Screens */,
				1555380028D8E3DC00CA5573 /* Assets.xcassets */,
				1555380A28D8E3DC00CA5573 /* Info.plist */,
				1555380228D8E3DC00CA5573 /* Preview Content */,
			);
			path = Dizcarta;
			sourceTree = "<group>";
		};
		1555380228D8E3DC00CA5573 /* Preview Content */ = {
			isa = PBXGroup;
			children = (
				1555380328D8E3DC00CA5573 /* Preview Assets.xcassets */,
			);
			path = "Preview Content";
			sourceTree = "<group>";
		};
		1555381228D8E3DD00CA5573 /* DizcartaTests */ = {
			isa = PBXGroup;
			children = (
				1555381328D8E3DD00CA5573 /* DizcartaTests.swift */,
			);
			path = DizcartaTests;
			sourceTree = "<group>";
		};
		1555381C28D8E3DD00CA5573 /* DizcartaUITests */ = {
			isa = PBXGroup;
			children = (
				1555381D28D8E3DD00CA5573 /* DizcartaUITests.swift */,
				1555381F28D8E3DD00CA5573 /* DizcartaUITestsLaunchTests.swift */,
			);
			path = DizcartaUITests;
			sourceTree = "<group>";
		};
		238DF94628DA383000F9A23B /* Screens */ = {
			isa = PBXGroup;
			children = (
				155277ED28DC7C2C003F83EF /* InGame */,
				155277E028DB9137003F83EF /* PlayerList */,
				238DF94928DA397000F9A23B /* Home */,
			);
			path = Screens;
			sourceTree = "<group>";
		};
		238DF94728DA383D00F9A23B /* Persistence */ = {
			isa = PBXGroup;
			children = (
				1555380728D8E3DC00CA5573 /* Dizcarta.xcdatamodeld */,
				1555380528D8E3DC00CA5573 /* PersistenceController.swift */,
			);
			path = Persistence;
			sourceTree = "<group>";
		};
		238DF94828DA387100F9A23B /* Core */ = {
			isa = PBXGroup;
			children = (
				155537FC28D8E3DA00CA5573 /* AppCore.swift */,
				3606A1F128DA5486004C9BF9 /* DesignSystems */,
			);
			path = Core;
			sourceTree = "<group>";
		};
		238DF94928DA397000F9A23B /* Home */ = {
			isa = PBXGroup;
			children = (
				238DF94A28DA398100F9A23B /* View */,
			);
			path = Home;
			sourceTree = "<group>";
		};
		238DF94A28DA398100F9A23B /* View */ = {
			isa = PBXGroup;
			children = (
				CD0FC89428DA76EC00C0C6F8 /* Shared */,
				155537FE28D8E3DA00CA5573 /* HomeView.swift */,
			);
			path = View;
			sourceTree = "<group>";
		};
		3606A1F128DA5486004C9BF9 /* DesignSystems */ = {
			isa = PBXGroup;
			children = (
				155277EA28DC76CF003F83EF /* Extensions */,
			);
			path = DesignSystems;
			sourceTree = "<group>";
		};
		CD0FC89428DA76EC00C0C6F8 /* Shared */ = {
			isa = PBXGroup;
			children = (
				CD0FC89528DA7BFB00C0C6F8 /* HomeButtons.swift */,
			);
			path = Shared;
			sourceTree = "<group>";
		};
/* End PBXGroup section */

/* Begin PBXNativeTarget section */
		155537F828D8E3DA00CA5573 /* Dizcarta */ = {
			isa = PBXNativeTarget;
			buildConfigurationList = 1555382328D8E3DD00CA5573 /* Build configuration list for PBXNativeTarget "Dizcarta" */;
			buildPhases = (
				155537F528D8E3DA00CA5573 /* Sources */,
				155537F628D8E3DA00CA5573 /* Frameworks */,
				155537F728D8E3DA00CA5573 /* Resources */,
			);
			buildRules = (
			);
			dependencies = (
			);
			name = Dizcarta;
			productName = Dizcarta;
			productReference = 155537F928D8E3DA00CA5573 /* Dizcarta.app */;
			productType = "com.apple.product-type.application";
		};
		1555380E28D8E3DD00CA5573 /* DizcartaTests */ = {
			isa = PBXNativeTarget;
			buildConfigurationList = 1555382628D8E3DD00CA5573 /* Build configuration list for PBXNativeTarget "DizcartaTests" */;
			buildPhases = (
				1555380B28D8E3DD00CA5573 /* Sources */,
				1555380C28D8E3DD00CA5573 /* Frameworks */,
				1555380D28D8E3DD00CA5573 /* Resources */,
			);
			buildRules = (
			);
			dependencies = (
				1555381128D8E3DD00CA5573 /* PBXTargetDependency */,
			);
			name = DizcartaTests;
			productName = DizcartaTests;
			productReference = 1555380F28D8E3DD00CA5573 /* DizcartaTests.xctest */;
			productType = "com.apple.product-type.bundle.unit-test";
		};
		1555381828D8E3DD00CA5573 /* DizcartaUITests */ = {
			isa = PBXNativeTarget;
			buildConfigurationList = 1555382928D8E3DD00CA5573 /* Build configuration list for PBXNativeTarget "DizcartaUITests" */;
			buildPhases = (
				1555381528D8E3DD00CA5573 /* Sources */,
				1555381628D8E3DD00CA5573 /* Frameworks */,
				1555381728D8E3DD00CA5573 /* Resources */,
			);
			buildRules = (
			);
			dependencies = (
				1555381B28D8E3DD00CA5573 /* PBXTargetDependency */,
			);
			name = DizcartaUITests;
			productName = DizcartaUITests;
			productReference = 1555381928D8E3DD00CA5573 /* DizcartaUITests.xctest */;
			productType = "com.apple.product-type.bundle.ui-testing";
		};
/* End PBXNativeTarget section */

/* Begin PBXProject section */
		155537F128D8E3DA00CA5573 /* Project object */ = {
			isa = PBXProject;
			attributes = {
				BuildIndependentTargetsInParallel = 1;
				LastSwiftUpdateCheck = 1400;
				LastUpgradeCheck = 1400;
				TargetAttributes = {
					155537F828D8E3DA00CA5573 = {
						CreatedOnToolsVersion = 14.0;
					};
					1555380E28D8E3DD00CA5573 = {
						CreatedOnToolsVersion = 14.0;
						TestTargetID = 155537F828D8E3DA00CA5573;
					};
					1555381828D8E3DD00CA5573 = {
						CreatedOnToolsVersion = 14.0;
						TestTargetID = 155537F828D8E3DA00CA5573;
					};
				};
			};
			buildConfigurationList = 155537F428D8E3DA00CA5573 /* Build configuration list for PBXProject "Dizcarta" */;
			compatibilityVersion = "Xcode 14.0";
			developmentRegion = en;
			hasScannedForEncodings = 0;
			knownRegions = (
				en,
				Base,
			);
			mainGroup = 155537F028D8E3DA00CA5573;
			productRefGroup = 155537FA28D8E3DA00CA5573 /* Products */;
			projectDirPath = "";
			projectRoot = "";
			targets = (
				155537F828D8E3DA00CA5573 /* Dizcarta */,
				1555380E28D8E3DD00CA5573 /* DizcartaTests */,
				1555381828D8E3DD00CA5573 /* DizcartaUITests */,
			);
		};
/* End PBXProject section */

/* Begin PBXResourcesBuildPhase section */
		155537F728D8E3DA00CA5573 /* Resources */ = {
			isa = PBXResourcesBuildPhase;
			buildActionMask = 2147483647;
			files = (
				238DF95028DA509900F9A23B /* README.md in Resources */,
				1555380428D8E3DC00CA5573 /* Preview Assets.xcassets in Resources */,
				1555380128D8E3DC00CA5573 /* Assets.xcassets in Resources */,
			);
			runOnlyForDeploymentPostprocessing = 0;
		};
		1555380D28D8E3DD00CA5573 /* Resources */ = {
			isa = PBXResourcesBuildPhase;
			buildActionMask = 2147483647;
			files = (
			);
			runOnlyForDeploymentPostprocessing = 0;
		};
		1555381728D8E3DD00CA5573 /* Resources */ = {
			isa = PBXResourcesBuildPhase;
			buildActionMask = 2147483647;
			files = (
			);
			runOnlyForDeploymentPostprocessing = 0;
		};
/* End PBXResourcesBuildPhase section */

/* Begin PBXSourcesBuildPhase section */
		155537F528D8E3DA00CA5573 /* Sources */ = {
			isa = PBXSourcesBuildPhase;
			buildActionMask = 2147483647;
			files = (
				1555380628D8E3DC00CA5573 /* PersistenceController.swift in Sources */,
				155277E328DB915C003F83EF /* PlayerListView.swift in Sources */,
				155537FF28D8E3DA00CA5573 /* HomeView.swift in Sources */,
				CD0FC89628DA7BFB00C0C6F8 /* HomeButtons.swift in Sources */,
				155277F128DC7C83003F83EF /* BackCard.swift in Sources */,
				155277F528DC8011003F83EF /* FrontCard.swift in Sources */,
				155537FD28D8E3DA00CA5573 /* AppCore.swift in Sources */,
				155277F728DC866A003F83EF /* InGameView.swift in Sources */,
				155277EC28DC76E4003F83EF /* UIColor+Color.swift in Sources */,
				1555380928D8E3DC00CA5573 /* Dizcarta.xcdatamodeld in Sources */,
				155277E628DB9DAB003F83EF /* ProgressBarView.swift in Sources */,
			);
			runOnlyForDeploymentPostprocessing = 0;
		};
		1555380B28D8E3DD00CA5573 /* Sources */ = {
			isa = PBXSourcesBuildPhase;
			buildActionMask = 2147483647;
			files = (
				1555381428D8E3DD00CA5573 /* DizcartaTests.swift in Sources */,
			);
			runOnlyForDeploymentPostprocessing = 0;
		};
		1555381528D8E3DD00CA5573 /* Sources */ = {
			isa = PBXSourcesBuildPhase;
			buildActionMask = 2147483647;
			files = (
				1555382028D8E3DD00CA5573 /* DizcartaUITestsLaunchTests.swift in Sources */,
				1555381E28D8E3DD00CA5573 /* DizcartaUITests.swift in Sources */,
			);
			runOnlyForDeploymentPostprocessing = 0;
		};
/* End PBXSourcesBuildPhase section */

/* Begin PBXTargetDependency section */
		1555381128D8E3DD00CA5573 /* PBXTargetDependency */ = {
			isa = PBXTargetDependency;
			target = 155537F828D8E3DA00CA5573 /* Dizcarta */;
			targetProxy = 1555381028D8E3DD00CA5573 /* PBXContainerItemProxy */;
		};
		1555381B28D8E3DD00CA5573 /* PBXTargetDependency */ = {
			isa = PBXTargetDependency;
			target = 155537F828D8E3DA00CA5573 /* Dizcarta */;
			targetProxy = 1555381A28D8E3DD00CA5573 /* PBXContainerItemProxy */;
		};
/* End PBXTargetDependency section */

/* Begin XCBuildConfiguration section */
		1555382128D8E3DD00CA5573 /* Debug */ = {
			isa = XCBuildConfiguration;
			buildSettings = {
				ALWAYS_SEARCH_USER_PATHS = NO;
				CLANG_ANALYZER_NONNULL = YES;
				CLANG_ANALYZER_NUMBER_OBJECT_CONVERSION = YES_AGGRESSIVE;
				CLANG_CXX_LANGUAGE_STANDARD = "gnu++20";
				CLANG_ENABLE_MODULES = YES;
				CLANG_ENABLE_OBJC_ARC = YES;
				CLANG_ENABLE_OBJC_WEAK = YES;
				CLANG_WARN_BLOCK_CAPTURE_AUTORELEASING = YES;
				CLANG_WARN_BOOL_CONVERSION = YES;
				CLANG_WARN_COMMA = YES;
				CLANG_WARN_CONSTANT_CONVERSION = YES;
				CLANG_WARN_DEPRECATED_OBJC_IMPLEMENTATIONS = YES;
				CLANG_WARN_DIRECT_OBJC_ISA_USAGE = YES_ERROR;
				CLANG_WARN_DOCUMENTATION_COMMENTS = YES;
				CLANG_WARN_EMPTY_BODY = YES;
				CLANG_WARN_ENUM_CONVERSION = YES;
				CLANG_WARN_INFINITE_RECURSION = YES;
				CLANG_WARN_INT_CONVERSION = YES;
				CLANG_WARN_NON_LITERAL_NULL_CONVERSION = YES;
				CLANG_WARN_OBJC_IMPLICIT_RETAIN_SELF = YES;
				CLANG_WARN_OBJC_LITERAL_CONVERSION = YES;
				CLANG_WARN_OBJC_ROOT_CLASS = YES_ERROR;
				CLANG_WARN_QUOTED_INCLUDE_IN_FRAMEWORK_HEADER = YES;
				CLANG_WARN_RANGE_LOOP_ANALYSIS = YES;
				CLANG_WARN_STRICT_PROTOTYPES = YES;
				CLANG_WARN_SUSPICIOUS_MOVE = YES;
				CLANG_WARN_UNGUARDED_AVAILABILITY = YES_AGGRESSIVE;
				CLANG_WARN_UNREACHABLE_CODE = YES;
				CLANG_WARN__DUPLICATE_METHOD_MATCH = YES;
				COPY_PHASE_STRIP = NO;
				DEBUG_INFORMATION_FORMAT = dwarf;
				ENABLE_STRICT_OBJC_MSGSEND = YES;
				ENABLE_TESTABILITY = YES;
				GCC_C_LANGUAGE_STANDARD = gnu11;
				GCC_DYNAMIC_NO_PIC = NO;
				GCC_NO_COMMON_BLOCKS = YES;
				GCC_OPTIMIZATION_LEVEL = 0;
				GCC_PREPROCESSOR_DEFINITIONS = (
					"DEBUG=1",
					"$(inherited)",
				);
				GCC_WARN_64_TO_32_BIT_CONVERSION = YES;
				GCC_WARN_ABOUT_RETURN_TYPE = YES_ERROR;
				GCC_WARN_UNDECLARED_SELECTOR = YES;
				GCC_WARN_UNINITIALIZED_AUTOS = YES_AGGRESSIVE;
				GCC_WARN_UNUSED_FUNCTION = YES;
				GCC_WARN_UNUSED_VARIABLE = YES;
				IPHONEOS_DEPLOYMENT_TARGET = 16.0;
				MTL_ENABLE_DEBUG_INFO = INCLUDE_SOURCE;
				MTL_FAST_MATH = YES;
				ONLY_ACTIVE_ARCH = YES;
				SDKROOT = iphoneos;
				SWIFT_ACTIVE_COMPILATION_CONDITIONS = DEBUG;
				SWIFT_OPTIMIZATION_LEVEL = "-Onone";
			};
			name = Debug;
		};
		1555382228D8E3DD00CA5573 /* Release */ = {
			isa = XCBuildConfiguration;
			buildSettings = {
				ALWAYS_SEARCH_USER_PATHS = NO;
				CLANG_ANALYZER_NONNULL = YES;
				CLANG_ANALYZER_NUMBER_OBJECT_CONVERSION = YES_AGGRESSIVE;
				CLANG_CXX_LANGUAGE_STANDARD = "gnu++20";
				CLANG_ENABLE_MODULES = YES;
				CLANG_ENABLE_OBJC_ARC = YES;
				CLANG_ENABLE_OBJC_WEAK = YES;
				CLANG_WARN_BLOCK_CAPTURE_AUTORELEASING = YES;
				CLANG_WARN_BOOL_CONVERSION = YES;
				CLANG_WARN_COMMA = YES;
				CLANG_WARN_CONSTANT_CONVERSION = YES;
				CLANG_WARN_DEPRECATED_OBJC_IMPLEMENTATIONS = YES;
				CLANG_WARN_DIRECT_OBJC_ISA_USAGE = YES_ERROR;
				CLANG_WARN_DOCUMENTATION_COMMENTS = YES;
				CLANG_WARN_EMPTY_BODY = YES;
				CLANG_WARN_ENUM_CONVERSION = YES;
				CLANG_WARN_INFINITE_RECURSION = YES;
				CLANG_WARN_INT_CONVERSION = YES;
				CLANG_WARN_NON_LITERAL_NULL_CONVERSION = YES;
				CLANG_WARN_OBJC_IMPLICIT_RETAIN_SELF = YES;
				CLANG_WARN_OBJC_LITERAL_CONVERSION = YES;
				CLANG_WARN_OBJC_ROOT_CLASS = YES_ERROR;
				CLANG_WARN_QUOTED_INCLUDE_IN_FRAMEWORK_HEADER = YES;
				CLANG_WARN_RANGE_LOOP_ANALYSIS = YES;
				CLANG_WARN_STRICT_PROTOTYPES = YES;
				CLANG_WARN_SUSPICIOUS_MOVE = YES;
				CLANG_WARN_UNGUARDED_AVAILABILITY = YES_AGGRESSIVE;
				CLANG_WARN_UNREACHABLE_CODE = YES;
				CLANG_WARN__DUPLICATE_METHOD_MATCH = YES;
				COPY_PHASE_STRIP = NO;
				DEBUG_INFORMATION_FORMAT = "dwarf-with-dsym";
				ENABLE_NS_ASSERTIONS = NO;
				ENABLE_STRICT_OBJC_MSGSEND = YES;
				GCC_C_LANGUAGE_STANDARD = gnu11;
				GCC_NO_COMMON_BLOCKS = YES;
				GCC_WARN_64_TO_32_BIT_CONVERSION = YES;
				GCC_WARN_ABOUT_RETURN_TYPE = YES_ERROR;
				GCC_WARN_UNDECLARED_SELECTOR = YES;
				GCC_WARN_UNINITIALIZED_AUTOS = YES_AGGRESSIVE;
				GCC_WARN_UNUSED_FUNCTION = YES;
				GCC_WARN_UNUSED_VARIABLE = YES;
				IPHONEOS_DEPLOYMENT_TARGET = 16.0;
				MTL_ENABLE_DEBUG_INFO = NO;
				MTL_FAST_MATH = YES;
				SDKROOT = iphoneos;
				SWIFT_COMPILATION_MODE = wholemodule;
				SWIFT_OPTIMIZATION_LEVEL = "-O";
				VALIDATE_PRODUCT = YES;
			};
			name = Release;
		};
		1555382428D8E3DD00CA5573 /* Debug */ = {
			isa = XCBuildConfiguration;
			buildSettings = {
				ASSETCATALOG_COMPILER_APPICON_NAME = AppIcon;
				ASSETCATALOG_COMPILER_GLOBAL_ACCENT_COLOR_NAME = AccentColor;
				CODE_SIGN_STYLE = Automatic;
				CURRENT_PROJECT_VERSION = 1;
				DEVELOPMENT_ASSET_PATHS = "\"Dizcarta/Preview Content\"";
				DEVELOPMENT_TEAM = 3753BCYQD8;
				ENABLE_PREVIEWS = YES;
				GENERATE_INFOPLIST_FILE = YES;
				INFOPLIST_KEY_CFBundleDisplayName = Dizcarta;
				INFOPLIST_KEY_LSApplicationCategoryType = "public.app-category.family-games";
				INFOPLIST_KEY_UIApplicationSceneManifest_Generation = YES;
				INFOPLIST_KEY_UIApplicationSupportsIndirectInputEvents = YES;
				INFOPLIST_KEY_UILaunchScreen_Generation = YES;
				INFOPLIST_KEY_UIStatusBarStyle = UIStatusBarStyleDarkContent;
				INFOPLIST_KEY_UISupportedInterfaceOrientations = UIInterfaceOrientationPortrait;
				INFOPLIST_KEY_UISupportedInterfaceOrientations_iPad = "UIInterfaceOrientationLandscapeLeft UIInterfaceOrientationLandscapeRight UIInterfaceOrientationPortrait UIInterfaceOrientationPortraitUpsideDown";
				IPHONEOS_DEPLOYMENT_TARGET = 15.0;
				LD_RUNPATH_SEARCH_PATHS = (
					"$(inherited)",
					"@executable_path/Frameworks",
				);
				MARKETING_VERSION = 1.0;
				PRODUCT_BUNDLE_IDENTIFIER = br.com.felipeb.Dizcarta;
				PRODUCT_NAME = "$(TARGET_NAME)";
				SUPPORTED_PLATFORMS = "iphoneos iphonesimulator";
				SUPPORTS_MACCATALYST = NO;
				SUPPORTS_MAC_DESIGNED_FOR_IPHONE_IPAD = NO;
				SWIFT_EMIT_LOC_STRINGS = YES;
				SWIFT_VERSION = 5.0;
				TARGETED_DEVICE_FAMILY = 1;
			};
			name = Debug;
		};
		1555382528D8E3DD00CA5573 /* Release */ = {
			isa = XCBuildConfiguration;
			buildSettings = {
				ASSETCATALOG_COMPILER_APPICON_NAME = AppIcon;
				ASSETCATALOG_COMPILER_GLOBAL_ACCENT_COLOR_NAME = AccentColor;
				CODE_SIGN_STYLE = Automatic;
				CURRENT_PROJECT_VERSION = 1;
				DEVELOPMENT_ASSET_PATHS = "\"Dizcarta/Preview Content\"";
				DEVELOPMENT_TEAM = 3753BCYQD8;
				ENABLE_PREVIEWS = YES;
				GENERATE_INFOPLIST_FILE = YES;
				INFOPLIST_KEY_CFBundleDisplayName = Dizcarta;
				INFOPLIST_KEY_LSApplicationCategoryType = "public.app-category.family-games";
				INFOPLIST_KEY_UIApplicationSceneManifest_Generation = YES;
				INFOPLIST_KEY_UIApplicationSupportsIndirectInputEvents = YES;
				INFOPLIST_KEY_UILaunchScreen_Generation = YES;
				INFOPLIST_KEY_UIStatusBarStyle = UIStatusBarStyleDarkContent;
				INFOPLIST_KEY_UISupportedInterfaceOrientations = UIInterfaceOrientationPortrait;
				INFOPLIST_KEY_UISupportedInterfaceOrientations_iPad = "UIInterfaceOrientationLandscapeLeft UIInterfaceOrientationLandscapeRight UIInterfaceOrientationPortrait UIInterfaceOrientationPortraitUpsideDown";
				IPHONEOS_DEPLOYMENT_TARGET = 15.0;
				LD_RUNPATH_SEARCH_PATHS = (
					"$(inherited)",
					"@executable_path/Frameworks",
				);
				MARKETING_VERSION = 1.0;
				PRODUCT_BUNDLE_IDENTIFIER = br.com.felipeb.Dizcarta;
				PRODUCT_NAME = "$(TARGET_NAME)";
				SUPPORTED_PLATFORMS = "iphoneos iphonesimulator";
				SUPPORTS_MACCATALYST = NO;
				SUPPORTS_MAC_DESIGNED_FOR_IPHONE_IPAD = NO;
				SWIFT_EMIT_LOC_STRINGS = YES;
				SWIFT_VERSION = 5.0;
				TARGETED_DEVICE_FAMILY = 1;
			};
			name = Release;
		};
		1555382728D8E3DD00CA5573 /* Debug */ = {
			isa = XCBuildConfiguration;
			buildSettings = {
				ALWAYS_EMBED_SWIFT_STANDARD_LIBRARIES = YES;
				BUNDLE_LOADER = "$(TEST_HOST)";
				CODE_SIGN_STYLE = Automatic;
				CURRENT_PROJECT_VERSION = 1;
				DEVELOPMENT_TEAM = 3753BCYQD8;
				GENERATE_INFOPLIST_FILE = YES;
				IPHONEOS_DEPLOYMENT_TARGET = 16.0;
				MARKETING_VERSION = 1.0;
				PRODUCT_BUNDLE_IDENTIFIER = br.com.felipeb.DizcartaTests;
				PRODUCT_NAME = "$(TARGET_NAME)";
				SWIFT_EMIT_LOC_STRINGS = NO;
				SWIFT_VERSION = 5.0;
				TARGETED_DEVICE_FAMILY = "1,2";
				TEST_HOST = "$(BUILT_PRODUCTS_DIR)/Dizcarta.app/$(BUNDLE_EXECUTABLE_FOLDER_PATH)/Dizcarta";
			};
			name = Debug;
		};
		1555382828D8E3DD00CA5573 /* Release */ = {
			isa = XCBuildConfiguration;
			buildSettings = {
				ALWAYS_EMBED_SWIFT_STANDARD_LIBRARIES = YES;
				BUNDLE_LOADER = "$(TEST_HOST)";
				CODE_SIGN_STYLE = Automatic;
				CURRENT_PROJECT_VERSION = 1;
				DEVELOPMENT_TEAM = 3753BCYQD8;
				GENERATE_INFOPLIST_FILE = YES;
				IPHONEOS_DEPLOYMENT_TARGET = 16.0;
				MARKETING_VERSION = 1.0;
				PRODUCT_BUNDLE_IDENTIFIER = br.com.felipeb.DizcartaTests;
				PRODUCT_NAME = "$(TARGET_NAME)";
				SWIFT_EMIT_LOC_STRINGS = NO;
				SWIFT_VERSION = 5.0;
				TARGETED_DEVICE_FAMILY = "1,2";
				TEST_HOST = "$(BUILT_PRODUCTS_DIR)/Dizcarta.app/$(BUNDLE_EXECUTABLE_FOLDER_PATH)/Dizcarta";
			};
			name = Release;
		};
		1555382A28D8E3DD00CA5573 /* Debug */ = {
			isa = XCBuildConfiguration;
			buildSettings = {
				ALWAYS_EMBED_SWIFT_STANDARD_LIBRARIES = YES;
				CODE_SIGN_STYLE = Automatic;
				CURRENT_PROJECT_VERSION = 1;
				DEVELOPMENT_TEAM = 3753BCYQD8;
				GENERATE_INFOPLIST_FILE = YES;
				MARKETING_VERSION = 1.0;
				PRODUCT_BUNDLE_IDENTIFIER = br.com.felipeb.DizcartaUITests;
				PRODUCT_NAME = "$(TARGET_NAME)";
				SWIFT_EMIT_LOC_STRINGS = NO;
				SWIFT_VERSION = 5.0;
				TARGETED_DEVICE_FAMILY = "1,2";
				TEST_TARGET_NAME = Dizcarta;
			};
			name = Debug;
		};
		1555382B28D8E3DD00CA5573 /* Release */ = {
			isa = XCBuildConfiguration;
			buildSettings = {
				ALWAYS_EMBED_SWIFT_STANDARD_LIBRARIES = YES;
				CODE_SIGN_STYLE = Automatic;
				CURRENT_PROJECT_VERSION = 1;
				DEVELOPMENT_TEAM = 3753BCYQD8;
				GENERATE_INFOPLIST_FILE = YES;
				MARKETING_VERSION = 1.0;
				PRODUCT_BUNDLE_IDENTIFIER = br.com.felipeb.DizcartaUITests;
				PRODUCT_NAME = "$(TARGET_NAME)";
				SWIFT_EMIT_LOC_STRINGS = NO;
				SWIFT_VERSION = 5.0;
				TARGETED_DEVICE_FAMILY = "1,2";
				TEST_TARGET_NAME = Dizcarta;
			};
			name = Release;
		};
/* End XCBuildConfiguration section */

/* Begin XCConfigurationList section */
		155537F428D8E3DA00CA5573 /* Build configuration list for PBXProject "Dizcarta" */ = {
			isa = XCConfigurationList;
			buildConfigurations = (
				1555382128D8E3DD00CA5573 /* Debug */,
				1555382228D8E3DD00CA5573 /* Release */,
			);
			defaultConfigurationIsVisible = 0;
			defaultConfigurationName = Release;
		};
		1555382328D8E3DD00CA5573 /* Build configuration list for PBXNativeTarget "Dizcarta" */ = {
			isa = XCConfigurationList;
			buildConfigurations = (
				1555382428D8E3DD00CA5573 /* Debug */,
				1555382528D8E3DD00CA5573 /* Release */,
			);
			defaultConfigurationIsVisible = 0;
			defaultConfigurationName = Release;
		};
		1555382628D8E3DD00CA5573 /* Build configuration list for PBXNativeTarget "DizcartaTests" */ = {
			isa = XCConfigurationList;
			buildConfigurations = (
				1555382728D8E3DD00CA5573 /* Debug */,
				1555382828D8E3DD00CA5573 /* Release */,
			);
			defaultConfigurationIsVisible = 0;
			defaultConfigurationName = Release;
		};
		1555382928D8E3DD00CA5573 /* Build configuration list for PBXNativeTarget "DizcartaUITests" */ = {
			isa = XCConfigurationList;
			buildConfigurations = (
				1555382A28D8E3DD00CA5573 /* Debug */,
				1555382B28D8E3DD00CA5573 /* Release */,
			);
			defaultConfigurationIsVisible = 0;
			defaultConfigurationName = Release;
		};
/* End XCConfigurationList section */

/* Begin XCVersionGroup section */
		1555380728D8E3DC00CA5573 /* Dizcarta.xcdatamodeld */ = {
			isa = XCVersionGroup;
			children = (
				1555380828D8E3DC00CA5573 /* Dizcarta.xcdatamodel */,
			);
			currentVersion = 1555380828D8E3DC00CA5573 /* Dizcarta.xcdatamodel */;
			path = Dizcarta.xcdatamodeld;
			sourceTree = "<group>";
			versionGroupType = wrapper.xcdatamodel;
		};
/* End XCVersionGroup section */
	};
	rootObject = 155537F128D8E3DA00CA5573 /* Project object */;
}
